<?xml version="1.0" encoding="UTF-8"?>
<Scheme
   LastUpgradeVersion = "2620"
   version = "1.7">
   <BuildAction
      parallelizeBuildables = "YES"
      buildImplicitDependencies = "PRESERVE">
      <BuildActionEntries>
         <BuildActionReference
            ref = "Tada">
         </BuildActionReference>
      </BuildActionEntries>
   </BuildAction>
   <TestAction
      buildConfiguration = "Debug"
      selectedIdentifier = "A1B2C3D4-E5F6-7890-ABCD-EF1234567890">
      <Testables>
         <TestableReference
            skipped = "NO"
            buildConfiguration = "Debug">
         </TestableReference>
      </Testables>
   </TestAction>
</Scheme>
