// !$*UTF8*$!
{
	archiveVersion = 1;
	classes = {
	};
	objectVersion = 77;
	objects = {

/* Begin PBXBuildFile section */
		0630EC584BFD55C90531BD96 /* ActionSchema.swift in Sources */ = {isa = PBXBuildFile; fileRef = ED8F618CE4930B94179B2AE9 /* ActionSchema.swift */; };
		08B0233EB4A7DE521C36AD5D /* ContentView.swift in Sources */ = {isa = PBXBuildFile; fileRef = 0F64C5F78AABA017B217F1DC /* ContentView.swift */; };
		0F5A78C9A22718694CF9CDDB /* PlannerAIService.swift in Sources */ = {isa = PBXBuildFile; fileRef = 12E161A4E5BB3CDB78208560 /* PlannerAIService.swift */; };
		149E835E3FF60CA3003CC92A /* DrawingCanvasRenderer.swift in Sources */ = {isa = PBXBuildFile; fileRef = 5581031972283519A88D4728 /* DrawingCanvasRenderer.swift */; };
		1745C02C68B00D1FA4659714 /* KnowledgeBaseService.swift in Sources */ = {isa = PBXBuildFile; fileRef = AA158EE4A1DCC43160B16A31 /* KnowledgeBaseService.swift */; };
		21D72059C1A9E93279B17D2C /* SingleSelectRenderer.swift in Sources */ = {isa = PBXBuildFile; fileRef = 4A8BB806FE664252E776B398 /* SingleSelectRenderer.swift */; };
		2A50D71A8FE5133379958654 /* ActionCardViewModel.swift in Sources */ = {isa = PBXBuildFile; fileRef = A3323E4404D02BF66BE79286 /* ActionCardViewModel.swift */; };
		3968E968327B3BBD8C0F4E71 /* Assets.xcassets in Resources */ = {isa = PBXBuildFile; fileRef = B7BFE8D82E8DAB9CD0C5429F /* Assets.xcassets */; };
		3A716DD997221A0E100BCAEE /* PlanningMemoryService.swift in Sources */ = {isa = PBXBuildFile; fileRef = 67543D97976FE3666E0145C0 /* PlanningMemoryService.swift */; };
		3C99063D334031057EA92284 /* TadaApp.swift in Sources */ = {isa = PBXBuildFile; fileRef = 6D4A86EB42B4EC4CF91CB546 /* TadaApp.swift */; };
		4D182D9CB1B58BF4CF15367A /* RangeSliderRenderer.swift in Sources */ = {isa = PBXBuildFile; fileRef = C4DA9391E34FC4F23B267463 /* RangeSliderRenderer.swift */; };
		4D210467DBDF3095E4994072 /* ExecutiveAIService.swift in Sources */ = {isa = PBXBuildFile; fileRef = E61894AF50AA0360D5EBE325 /* ExecutiveAIService.swift */; };
		514ECA71F40A7DAC7DFD2113 /* SubTask.swift in Sources */ = {isa = PBXBuildFile; fileRef = 0FB478B7FF8E41F91403A686 /* SubTask.swift */; };
		63A59D73D8389428CEF179A7 /* KnowledgeBaseFilesystem.swift in Sources */ = {isa = PBXBuildFile; fileRef = F338BD2F28644CFB9B86EE00 /* KnowledgeBaseFilesystem.swift */; };
		63E6198156E7779BA45C9898 /* CompletedTasksView.swift in Sources */ = {isa = PBXBuildFile; fileRef = C3BB8475FCA5F8B82CB4897F /* CompletedTasksView.swift */; };
		653AD78291B680BAA4BDA4D5 /* NumberFieldRenderer.swift in Sources */ = {isa = PBXBuildFile; fileRef = 13E96F4F08E08E6F55B99482 /* NumberFieldRenderer.swift */; };
		66676BE9056ACBBB2110A038 /* TaskCardComponents.swift in Sources */ = {isa = PBXBuildFile; fileRef = DC74F941D63F1C4883BA6D9D /* TaskCardComponents.swift */; };
		6B4EF9E52D289FB0A8908CCD /* ItemTableRenderer.swift in Sources */ = {isa = PBXBuildFile; fileRef = 26B705794E027B81D65534D9 /* ItemTableRenderer.swift */; };
		740D4679BDC7B999F4D28111 /* CountSelectorRenderer.swift in Sources */ = {isa = PBXBuildFile; fileRef = E78C9B0C72279AFA847308DF /* CountSelectorRenderer.swift */; };
		7C51DD6B3512A40DDD414085 /* Task.swift in Sources */ = {isa = PBXBuildFile; fileRef = 0B97DC2D37F54C523EA9ABE0 /* Task.swift */; };
		7DED971BC71DC17EFB3071DC /* APIKeyManager.swift in Sources */ = {isa = PBXBuildFile; fileRef = 42E127E50B95D50B34687BE0 /* APIKeyManager.swift */; };
		85889D08A9DC7253578C1AB8 /* TextFieldRenderer.swift in Sources */ = {isa = PBXBuildFile; fileRef = 6249436256AF653A0CC81065 /* TextFieldRenderer.swift */; };
		86D4DEEC8CB12B98C1AA3511 /* KnowledgeBaseGenerator.swift in Sources */ = {isa = PBXBuildFile; fileRef = D6C77F3CCDBDF6E43FF8D233 /* KnowledgeBaseGenerator.swift */; };
		9A6C8F9818DA891B741211BD /* ClaudeAPIClient.swift in Sources */ = {isa = PBXBuildFile; fileRef = 64F8644AC0C6D6DE6A84F872 /* ClaudeAPIClient.swift */; };
		9CE6E1B38BB820A772CC5298 /* KnowledgeBaseProtocol.swift in Sources */ = {isa = PBXBuildFile; fileRef = 2D3188976D47C0158DC35A3F /* KnowledgeBaseProtocol.swift */; };
		9D45EF04A0E65F23CB1B868C /* TextAreaRenderer.swift in Sources */ = {isa = PBXBuildFile; fileRef = E340411D9601AE367EBA7CF7 /* TextAreaRenderer.swift */; };
		A5CCF038CC18B36C6F8E2963 /* ChecklistRenderer.swift in Sources */ = {isa = PBXBuildFile; fileRef = 881EAAAE099ACB876A95DD9C /* ChecklistRenderer.swift */; };
		A5CFA4341F4412B38A31CA9E /* KnowledgeBaseIndexer.swift in Sources */ = {isa = PBXBuildFile; fileRef = 6E9D25C6421150612BAA8EB5 /* KnowledgeBaseIndexer.swift */; };
		A7E213C9F9EF6FEE5C8CBD8D /* DateFieldRenderer.swift in Sources */ = {isa = PBXBuildFile; fileRef = 1ED851172080F236AE256ED6 /* DateFieldRenderer.swift */; };
		B0931D218244239BDC091D3D /* ActionRequiredView.swift in Sources */ = {isa = PBXBuildFile; fileRef = B24B99CB688B0E0C5219BCB7 /* ActionRequiredView.swift */; };
		B3D22DBEAAF1309DB1591D32 /* AddSubTasksSheet.swift in Sources */ = {isa = PBXBuildFile; fileRef = A3AB4E6DD9DC96E05E0F48F4 /* AddSubTasksSheet.swift */; };
		BA3245F896218EFCE6345133 /* ActionUIRenderer.swift in Sources */ = {isa = PBXBuildFile; fileRef = C7AFED24E57E77828F76961D /* ActionUIRenderer.swift */; };
		CB1A90056A4329854CF5A20B /* Enums.swift in Sources */ = {isa = PBXBuildFile; fileRef = 5B5D44617874164FB5D74FA1 /* Enums.swift */; };
		DD4684614608AA5E4A993E2C /* YesNoRenderer.swift in Sources */ = {isa = PBXBuildFile; fileRef = CE063D4DC8DAF57D4A572686 /* YesNoRenderer.swift */; };
		DF35469E10B49DCAEB898E86 /* KnowledgeBaseView.swift in Sources */ = {isa = PBXBuildFile; fileRef = 5B729A91786DC3A9DFFBC732 /* KnowledgeBaseView.swift */; };
		E63327CC14CAAB356A20DA88 /* KnowledgeAIService.swift in Sources */ = {isa = PBXBuildFile; fileRef = BDB362AB25A5E0F829E3392A /* KnowledgeAIService.swift */; };
		E6DFD26A57958CCAFA3DF16C /* KnowledgeBaseLinkDiscovery.swift in Sources */ = {isa = PBXBuildFile; fileRef = 0ADF9A971DB731ECEECE2E8A /* KnowledgeBaseLinkDiscovery.swift */; };
		EA835042054DE276E520F9CB /* NewTaskSheet.swift in Sources */ = {isa = PBXBuildFile; fileRef = D74C450CC17A62E1A9AC1C04 /* NewTaskSheet.swift */; };
		F7A63C07965B480A410BA7B6 /* MultiSelectRenderer.swift in Sources */ = {isa = PBXBuildFile; fileRef = 581BDBC87B16883D159B114B /* MultiSelectRenderer.swift */; };
		FABEFEDD09E4B74EE5920695 /* SliderRenderer.swift in Sources */ = {isa = PBXBuildFile; fileRef = 9D2C2BCC951B243B3EF103E0 /* SliderRenderer.swift */; };
		FAD6F7CC30E50DEE40165E34 /* SettingsView.swift in Sources */ = {isa = PBXBuildFile; fileRef = A08B0C130F8614E354853784 /* SettingsView.swift */; };
		FDC9E5CACDD0710AF5BAFE7B /* AllTasksView.swift in Sources */ = {isa = PBXBuildFile; fileRef = 5DB44FC48FD3A7E8FE616633 /* AllTasksView.swift */; };
/* End PBXBuildFile section */

/* Begin PBXFileReference section */
		0ADF9A971DB731ECEECE2E8A /* KnowledgeBaseLinkDiscovery.swift */ = {isa = PBXFileReference; lastKnownFileType = sourcecode.swift; path = KnowledgeBaseLinkDiscovery.swift; sourceTree = "<group>"; };
		0B97DC2D37F54C523EA9ABE0 /* Task.swift */ = {isa = PBXFileReference; lastKnownFileType = sourcecode.swift; path = Task.swift; sourceTree = "<group>"; };
		0F64C5F78AABA017B217F1DC /* ContentView.swift */ = {isa = PBXFileReference; lastKnownFileType = sourcecode.swift; path = ContentView.swift; sourceTree = "<group>"; };
		0FB478B7FF8E41F91403A686 /* SubTask.swift */ = {isa = PBXFileReference; lastKnownFileType = sourcecode.swift; path = SubTask.swift; sourceTree = "<group>"; };
		12E161A4E5BB3CDB78208560 /* PlannerAIService.swift */ = {isa = PBXFileReference; lastKnownFileType = sourcecode.swift; path = PlannerAIService.swift; sourceTree = "<group>"; };
		13E96F4F08E08E6F55B99482 /* NumberFieldRenderer.swift */ = {isa = PBXFileReference; lastKnownFileType = sourcecode.swift; path = NumberFieldRenderer.swift; sourceTree = "<group>"; };
		1ED851172080F236AE256ED6 /* DateFieldRenderer.swift */ = {isa = PBXFileReference; lastKnownFileType = sourcecode.swift; path = DateFieldRenderer.swift; sourceTree = "<group>"; };
		26B705794E027B81D65534D9 /* ItemTableRenderer.swift */ = {isa = PBXFileReference; lastKnownFileType = sourcecode.swift; path = ItemTableRenderer.swift; sourceTree = "<group>"; };
		2D3188976D47C0158DC35A3F /* KnowledgeBaseProtocol.swift */ = {isa = PBXFileReference; lastKnownFileType = sourcecode.swift; path = KnowledgeBaseProtocol.swift; sourceTree = "<group>"; };
		42E127E50B95D50B34687BE0 /* APIKeyManager.swift */ = {isa = PBXFileReference; lastKnownFileType = sourcecode.swift; path = APIKeyManager.swift; sourceTree = "<group>"; };
		4A8BB806FE664252E776B398 /* SingleSelectRenderer.swift */ = {isa = PBXFileReference; lastKnownFileType = sourcecode.swift; path = SingleSelectRenderer.swift; sourceTree = "<group>"; };
		5581031972283519A88D4728 /* DrawingCanvasRenderer.swift */ = {isa = PBXFileReference; lastKnownFileType = sourcecode.swift; path = DrawingCanvasRenderer.swift; sourceTree = "<group>"; };
		581BDBC87B16883D159B114B /* MultiSelectRenderer.swift */ = {isa = PBXFileReference; lastKnownFileType = sourcecode.swift; path = MultiSelectRenderer.swift; sourceTree = "<group>"; };
		5B5D44617874164FB5D74FA1 /* Enums.swift */ = {isa = PBXFileReference; lastKnownFileType = sourcecode.swift; path = Enums.swift; sourceTree = "<group>"; };
		5B729A91786DC3A9DFFBC732 /* KnowledgeBaseView.swift */ = {isa = PBXFileReference; lastKnownFileType = sourcecode.swift; path = KnowledgeBaseView.swift; sourceTree = "<group>"; };
		5DB44FC48FD3A7E8FE616633 /* AllTasksView.swift */ = {isa = PBXFileReference; lastKnownFileType = sourcecode.swift; path = AllTasksView.swift; sourceTree = "<group>"; };
		6249436256AF653A0CC81065 /* TextFieldRenderer.swift */ = {isa = PBXFileReference; lastKnownFileType = sourcecode.swift; path = TextFieldRenderer.swift; sourceTree = "<group>"; };
		64F8644AC0C6D6DE6A84F872 /* ClaudeAPIClient.swift */ = {isa = PBXFileReference; lastKnownFileType = sourcecode.swift; path = ClaudeAPIClient.swift; sourceTree = "<group>"; };
		67543D97976FE3666E0145C0 /* PlanningMemoryService.swift */ = {isa = PBXFileReference; lastKnownFileType = sourcecode.swift; path = PlanningMemoryService.swift; sourceTree = "<group>"; };
		6D4A86EB42B4EC4CF91CB546 /* TadaApp.swift */ = {isa = PBXFileReference; lastKnownFileType = sourcecode.swift; path = TadaApp.swift; sourceTree = "<group>"; };
		6E9D25C6421150612BAA8EB5 /* KnowledgeBaseIndexer.swift */ = {isa = PBXFileReference; lastKnownFileType = sourcecode.swift; path = KnowledgeBaseIndexer.swift; sourceTree = "<group>"; };
		881EAAAE099ACB876A95DD9C /* ChecklistRenderer.swift */ = {isa = PBXFileReference; lastKnownFileType = sourcecode.swift; path = ChecklistRenderer.swift; sourceTree = "<group>"; };
		9D2C2BCC951B243B3EF103E0 /* SliderRenderer.swift */ = {isa = PBXFileReference; lastKnownFileType = sourcecode.swift; path = SliderRenderer.swift; sourceTree = "<group>"; };
		A08B0C130F8614E354853784 /* SettingsView.swift */ = {isa = PBXFileReference; lastKnownFileType = sourcecode.swift; path = SettingsView.swift; sourceTree = "<group>"; };
		A2B5655C400EF91F7F457E91 /* Tada.app */ = {isa = PBXFileReference; explicitFileType = wrapper.application; includeInIndex = 0; path = Tada.app; sourceTree = BUILT_PRODUCTS_DIR; };
		A3323E4404D02BF66BE79286 /* ActionCardViewModel.swift */ = {isa = PBXFileReference; lastKnownFileType = sourcecode.swift; path = ActionCardViewModel.swift; sourceTree = "<group>"; };
		A3AB4E6DD9DC96E05E0F48F4 /* AddSubTasksSheet.swift */ = {isa = PBXFileReference; lastKnownFileType = sourcecode.swift; path = AddSubTasksSheet.swift; sourceTree = "<group>"; };
		AA158EE4A1DCC43160B16A31 /* KnowledgeBaseService.swift */ = {isa = PBXFileReference; lastKnownFileType = sourcecode.swift; path = KnowledgeBaseService.swift; sourceTree = "<group>"; };
		B24B99CB688B0E0C5219BCB7 /* ActionRequiredView.swift */ = {isa = PBXFileReference; lastKnownFileType = sourcecode.swift; path = ActionRequiredView.swift; sourceTree = "<group>"; };
		B7BFE8D82E8DAB9CD0C5429F /* Assets.xcassets */ = {isa = PBXFileReference; lastKnownFileType = folder.assetcatalog; path = Assets.xcassets; sourceTree = "<group>"; };
		BDB362AB25A5E0F829E3392A /* KnowledgeAIService.swift */ = {isa = PBXFileReference; lastKnownFileType = sourcecode.swift; path = KnowledgeAIService.swift; sourceTree = "<group>"; };
		C3BB8475FCA5F8B82CB4897F /* CompletedTasksView.swift */ = {isa = PBXFileReference; lastKnownFileType = sourcecode.swift; path = CompletedTasksView.swift; sourceTree = "<group>"; };
		C4DA9391E34FC4F23B267463 /* RangeSliderRenderer.swift */ = {isa = PBXFileReference; lastKnownFileType = sourcecode.swift; path = RangeSliderRenderer.swift; sourceTree = "<group>"; };
		C7AFED24E57E77828F76961D /* ActionUIRenderer.swift */ = {isa = PBXFileReference; lastKnownFileType = sourcecode.swift; path = ActionUIRenderer.swift; sourceTree = "<group>"; };
		CE063D4DC8DAF57D4A572686 /* YesNoRenderer.swift */ = {isa = PBXFileReference; lastKnownFileType = sourcecode.swift; path = YesNoRenderer.swift; sourceTree = "<group>"; };
		D6C77F3CCDBDF6E43FF8D233 /* KnowledgeBaseGenerator.swift */ = {isa = PBXFileReference; lastKnownFileType = sourcecode.swift; path = KnowledgeBaseGenerator.swift; sourceTree = "<group>"; };
		D74C450CC17A62E1A9AC1C04 /* NewTaskSheet.swift */ = {isa = PBXFileReference; lastKnownFileType = sourcecode.swift; path = NewTaskSheet.swift; sourceTree = "<group>"; };
		DC74F941D63F1C4883BA6D9D /* TaskCardComponents.swift */ = {isa = PBXFileReference; lastKnownFileType = sourcecode.swift; path = TaskCardComponents.swift; sourceTree = "<group>"; };
		E340411D9601AE367EBA7CF7 /* TextAreaRenderer.swift */ = {isa = PBXFileReference; lastKnownFileType = sourcecode.swift; path = TextAreaRenderer.swift; sourceTree = "<group>"; };
		E61894AF50AA0360D5EBE325 /* ExecutiveAIService.swift */ = {isa = PBXFileReference; lastKnownFileType = sourcecode.swift; path = ExecutiveAIService.swift; sourceTree = "<group>"; };
		E78C9B0C72279AFA847308DF /* CountSelectorRenderer.swift */ = {isa = PBXFileReference; lastKnownFileType = sourcecode.swift; path = CountSelectorRenderer.swift; sourceTree = "<group>"; };
		ED8F618CE4930B94179B2AE9 /* ActionSchema.swift */ = {isa = PBXFileReference; lastKnownFileType = sourcecode.swift; path = ActionSchema.swift; sourceTree = "<group>"; };
		F338BD2F28644CFB9B86EE00 /* KnowledgeBaseFilesystem.swift */ = {isa = PBXFileReference; lastKnownFileType = sourcecode.swift; path = KnowledgeBaseFilesystem.swift; sourceTree = "<group>"; };
/* End PBXFileReference section */

/* Begin PBXGroup section */
		14DD0D4E2D023A9D442CD318 /* Models */ = {
			isa = PBXGroup;
			children = (
				ED8F618CE4930B94179B2AE9 /* ActionSchema.swift */,
				5B5D44617874164FB5D74FA1 /* Enums.swift */,
				0FB478B7FF8E41F91403A686 /* SubTask.swift */,
				0B97DC2D37F54C523EA9ABE0 /* Task.swift */,
			);
			path = Models;
			sourceTree = "<group>";
		};
		1E9C525902600987CC7D691A /* Resources */ = {
			isa = PBXGroup;
			children = (
				B7BFE8D82E8DAB9CD0C5429F /* Assets.xcassets */,
			);
			name = Resources;
			path = Tada/Resources;
			sourceTree = "<group>";
		};
		3EE39E2CAEB1B612430A285A /* Tasks */ = {
			isa = PBXGroup;
			children = (
				B24B99CB688B0E0C5219BCB7 /* ActionRequiredView.swift */,
				A3AB4E6DD9DC96E05E0F48F4 /* AddSubTasksSheet.swift */,
				5DB44FC48FD3A7E8FE616633 /* AllTasksView.swift */,
				C3BB8475FCA5F8B82CB4897F /* CompletedTasksView.swift */,
				5B729A91786DC3A9DFFBC732 /* KnowledgeBaseView.swift */,
				DC74F941D63F1C4883BA6D9D /* TaskCardComponents.swift */,
			);
			path = Tasks;
			sourceTree = "<group>";
		};
		797F86D471F16A2BD8980A19 /* Utilities */ = {
			isa = PBXGroup;
			children = (
				42E127E50B95D50B34687BE0 /* APIKeyManager.swift */,
			);
			path = Utilities;
			sourceTree = "<group>";
		};
		7A8F03588B79B0D75A226E17 /* Views */ = {
			isa = PBXGroup;
			children = (
				0F64C5F78AABA017B217F1DC /* ContentView.swift */,
				D74C450CC17A62E1A9AC1C04 /* NewTaskSheet.swift */,
				E283F7F0D650B4B4D36229B1 /* ActionUI */,
				C73E30D78F733C5808E598F5 /* Settings */,
				3EE39E2CAEB1B612430A285A /* Tasks */,
			);
			path = Views;
			sourceTree = "<group>";
		};
		7CA8B164A22C23D78F8C2F81 /* Renderers */ = {
			isa = PBXGroup;
			children = (
				881EAAAE099ACB876A95DD9C /* ChecklistRenderer.swift */,
				E78C9B0C72279AFA847308DF /* CountSelectorRenderer.swift */,
				1ED851172080F236AE256ED6 /* DateFieldRenderer.swift */,
				5581031972283519A88D4728 /* DrawingCanvasRenderer.swift */,
				26B705794E027B81D65534D9 /* ItemTableRenderer.swift */,
				581BDBC87B16883D159B114B /* MultiSelectRenderer.swift */,
				13E96F4F08E08E6F55B99482 /* NumberFieldRenderer.swift */,
				C4DA9391E34FC4F23B267463 /* RangeSliderRenderer.swift */,
				4A8BB806FE664252E776B398 /* SingleSelectRenderer.swift */,
				9D2C2BCC951B243B3EF103E0 /* SliderRenderer.swift */,
				E340411D9601AE367EBA7CF7 /* TextAreaRenderer.swift */,
				6249436256AF653A0CC81065 /* TextFieldRenderer.swift */,
				CE063D4DC8DAF57D4A572686 /* YesNoRenderer.swift */,
			);
			path = Renderers;
			sourceTree = "<group>";
		};
		82156DEF06305BC82DBF8D14 /* Products */ = {
			isa = PBXGroup;
			children = (
				A2B5655C400EF91F7F457E91 /* Tada.app */,
			);
			name = Products;
			sourceTree = "<group>";
		};
		8587ED53BABECEA08CAAE1EA /* Services */ = {
			isa = PBXGroup;
			children = (
				64F8644AC0C6D6DE6A84F872 /* ClaudeAPIClient.swift */,
				E61894AF50AA0360D5EBE325 /* ExecutiveAIService.swift */,
				BDB362AB25A5E0F829E3392A /* KnowledgeAIService.swift */,
				F338BD2F28644CFB9B86EE00 /* KnowledgeBaseFilesystem.swift */,
				D6C77F3CCDBDF6E43FF8D233 /* KnowledgeBaseGenerator.swift */,
				6E9D25C6421150612BAA8EB5 /* KnowledgeBaseIndexer.swift */,
				0ADF9A971DB731ECEECE2E8A /* KnowledgeBaseLinkDiscovery.swift */,
				2D3188976D47C0158DC35A3F /* KnowledgeBaseProtocol.swift */,
				AA158EE4A1DCC43160B16A31 /* KnowledgeBaseService.swift */,
				12E161A4E5BB3CDB78208560 /* PlannerAIService.swift */,
				67543D97976FE3666E0145C0 /* PlanningMemoryService.swift */,
			);
			path = Services;
			sourceTree = "<group>";
		};
		9E0C5468A540E9E6979FF36A /* ViewModels */ = {
			isa = PBXGroup;
			children = (
				A3323E4404D02BF66BE79286 /* ActionCardViewModel.swift */,
			);
			path = ViewModels;
			sourceTree = "<group>";
		};
		ACB4B2AD2502E951BA48A23D = {
			isa = PBXGroup;
			children = (
				1E9C525902600987CC7D691A /* Resources */,
				F48F16F26E44B19B506C10DB /* Sources */,
				82156DEF06305BC82DBF8D14 /* Products */,
			);
			sourceTree = "<group>";
		};
		C73E30D78F733C5808E598F5 /* Settings */ = {
			isa = PBXGroup;
			children = (
				A08B0C130F8614E354853784 /* SettingsView.swift */,
			);
			path = Settings;
			sourceTree = "<group>";
		};
		E283F7F0D650B4B4D36229B1 /* ActionUI */ = {
			isa = PBXGroup;
			children = (
				C7AFED24E57E77828F76961D /* ActionUIRenderer.swift */,
				7CA8B164A22C23D78F8C2F81 /* Renderers */,
			);
			path = ActionUI;
			sourceTree = "<group>";
		};
		F48F16F26E44B19B506C10DB /* Sources */ = {
			isa = PBXGroup;
			children = (
				6D4A86EB42B4EC4CF91CB546 /* TadaApp.swift */,
				14DD0D4E2D023A9D442CD318 /* Models */,
				8587ED53BABECEA08CAAE1EA /* Services */,
				797F86D471F16A2BD8980A19 /* Utilities */,
				9E0C5468A540E9E6979FF36A /* ViewModels */,
				7A8F03588B79B0D75A226E17 /* Views */,
			);
			name = Sources;
			path = Tada/Sources;
			sourceTree = "<group>";
		};
/* End PBXGroup section */

/* Begin PBXNativeTarget section */
		0B9BC44E62918E7EA9EF0028 /* Tada */ = {
			isa = PBXNativeTarget;
			buildConfigurationList = E9CAC23CE6AFB641E31C7DB9 /* Build configuration list for PBXNativeTarget "Tada" */;
			buildPhases = (
				ED9498633CB6972A46DC9153 /* Sources */,
				7EFE8915A87FC49252D0A128 /* Resources */,
			);
			buildRules = (
			);
			dependencies = (
			);
			name = Tada;
			packageProductDependencies = (
			);
			productName = Tada;
			productReference = A2B5655C400EF91F7F457E91 /* Tada.app */;
			productType = "com.apple.product-type.application";
		};
/* End PBXNativeTarget section */

/* Begin PBXProject section */
		007076C634D95A9FF14D558E /* Project object */ = {
			isa = PBXProject;
			attributes = {
				BuildIndependentTargetsInParallel = YES;
				LastUpgradeCheck = 1430;
			};
			buildConfigurationList = EAABBCB99CB2F512265BCA51 /* Build configuration list for PBXProject "Tada" */;
			compatibilityVersion = "Xcode 14.0";
			developmentRegion = en;
			hasScannedForEncodings = 0;
			knownRegions = (
				Base,
				en,
			);
			mainGroup = ACB4B2AD2502E951BA48A23D;
			minimizedProjectReferenceProxies = 1;
			preferredProjectObjectVersion = 77;
			projectDirPath = "";
			projectRoot = "";
			targets = (
				0B9BC44E62918E7EA9EF0028 /* Tada */,
			);
		};
/* End PBXProject section */

/* Begin PBXResourcesBuildPhase section */
		7EFE8915A87FC49252D0A128 /* Resources */ = {
			isa = PBXResourcesBuildPhase;
			buildActionMask = 2147483647;
			files = (
				3968E968327B3BBD8C0F4E71 /* Assets.xcassets in Resources */,
			);
			runOnlyForDeploymentPostprocessing = 0;
		};
/* End PBXResourcesBuildPhase section */

/* Begin PBXSourcesBuildPhase section */
		ED9498633CB6972A46DC9153 /* Sources */ = {
			isa = PBXSourcesBuildPhase;
			buildActionMask = 2147483647;
			files = (
				7DED971BC71DC17EFB3071DC /* APIKeyManager.swift in Sources */,
				2A50D71A8FE5133379958654 /* ActionCardViewModel.swift in Sources */,
				B0931D218244239BDC091D3D /* ActionRequiredView.swift in Sources */,
				0630EC584BFD55C90531BD96 /* ActionSchema.swift in Sources */,
				BA3245F896218EFCE6345133 /* ActionUIRenderer.swift in Sources */,
				B3D22DBEAAF1309DB1591D32 /* AddSubTasksSheet.swift in Sources */,
				FDC9E5CACDD0710AF5BAFE7B /* AllTasksView.swift in Sources */,
				A5CCF038CC18B36C6F8E2963 /* ChecklistRenderer.swift in Sources */,
				9A6C8F9818DA891B741211BD /* ClaudeAPIClient.swift in Sources */,
				63E6198156E7779BA45C9898 /* CompletedTasksView.swift in Sources */,
				08B0233EB4A7DE521C36AD5D /* ContentView.swift in Sources */,
				740D4679BDC7B999F4D28111 /* CountSelectorRenderer.swift in Sources */,
				A7E213C9F9EF6FEE5C8CBD8D /* DateFieldRenderer.swift in Sources */,
				149E835E3FF60CA3003CC92A /* DrawingCanvasRenderer.swift in Sources */,
				CB1A90056A4329854CF5A20B /* Enums.swift in Sources */,
				4D210467DBDF3095E4994072 /* ExecutiveAIService.swift in Sources */,
				6B4EF9E52D289FB0A8908CCD /* ItemTableRenderer.swift in Sources */,
				E63327CC14CAAB356A20DA88 /* KnowledgeAIService.swift in Sources */,
				63A59D73D8389428CEF179A7 /* KnowledgeBaseFilesystem.swift in Sources */,
				86D4DEEC8CB12B98C1AA3511 /* KnowledgeBaseGenerator.swift in Sources */,
				A5CFA4341F4412B38A31CA9E /* KnowledgeBaseIndexer.swift in Sources */,
				E6DFD26A57958CCAFA3DF16C /* KnowledgeBaseLinkDiscovery.swift in Sources */,
				9CE6E1B38BB820A772CC5298 /* KnowledgeBaseProtocol.swift in Sources */,
				1745C02C68B00D1FA4659714 /* KnowledgeBaseService.swift in Sources */,
				DF35469E10B49DCAEB898E86 /* KnowledgeBaseView.swift in Sources */,
				F7A63C07965B480A410BA7B6 /* MultiSelectRenderer.swift in Sources */,
				EA835042054DE276E520F9CB /* NewTaskSheet.swift in Sources */,
				653AD78291B680BAA4BDA4D5 /* NumberFieldRenderer.swift in Sources */,
				0F5A78C9A22718694CF9CDDB /* PlannerAIService.swift in Sources */,
				3A716DD997221A0E100BCAEE /* PlanningMemoryService.swift in Sources */,
				4D182D9CB1B58BF4CF15367A /* RangeSliderRenderer.swift in Sources */,
				FAD6F7CC30E50DEE40165E34 /* SettingsView.swift in Sources */,
				21D72059C1A9E93279B17D2C /* SingleSelectRenderer.swift in Sources */,
				FABEFEDD09E4B74EE5920695 /* SliderRenderer.swift in Sources */,
				514ECA71F40A7DAC7DFD2113 /* SubTask.swift in Sources */,
				3C99063D334031057EA92284 /* TadaApp.swift in Sources */,
				7C51DD6B3512A40DDD414085 /* Task.swift in Sources */,
				66676BE9056ACBBB2110A038 /* TaskCardComponents.swift in Sources */,
				9D45EF04A0E65F23CB1B868C /* TextAreaRenderer.swift in Sources */,
				85889D08A9DC7253578C1AB8 /* TextFieldRenderer.swift in Sources */,
				DD4684614608AA5E4A993E2C /* YesNoRenderer.swift in Sources */,
			);
			runOnlyForDeploymentPostprocessing = 0;
		};
/* End PBXSourcesBuildPhase section */

/* Begin XCBuildConfiguration section */
		2C5FB987D89A03D17F949F1E /* Debug */ = {
			isa = XCBuildConfiguration;
			buildSettings = {
				ASSETCATALOG_COMPILER_APPICON_NAME = AppIcon;
				COMBINE_HIDPI_IMAGES = YES;
				LD_RUNPATH_SEARCH_PATHS = (
					"$(inherited)",
					"@executable_path/../Frameworks",
				);
				MACOSX_DEPLOYMENT_TARGET = 14.0;
				PRODUCT_BUNDLE_IDENTIFIER = com.tada.app;
				SDKROOT = macosx;
			};
			name = Debug;
		};
		733F8F813A19C900F10D829B /* Release */ = {
			isa = XCBuildConfiguration;
			buildSettings = {
				ASSETCATALOG_COMPILER_APPICON_NAME = AppIcon;
				COMBINE_HIDPI_IMAGES = YES;
				LD_RUNPATH_SEARCH_PATHS = (
					"$(inherited)",
					"@executable_path/../Frameworks",
				);
				MACOSX_DEPLOYMENT_TARGET = 14.0;
				PRODUCT_BUNDLE_IDENTIFIER = com.tada.app;
				SDKROOT = macosx;
			};
			name = Release;
		};
		D692A3F4EAB330614FFCD72C /* Debug */ = {
			isa = XCBuildConfiguration;
			buildSettings = {
				ALWAYS_SEARCH_USER_PATHS = NO;
				CLANG_ANALYZER_NONNULL = YES;
				CLANG_ANALYZER_NUMBER_OBJECT_CONVERSION = YES_AGGRESSIVE;
				CLANG_CXX_LANGUAGE_STANDARD = "gnu++14";
				CLANG_CXX_LIBRARY = "libc++";
				CLANG_ENABLE_MODULES = YES;
				CLANG_ENABLE_OBJC_ARC = YES;
				CLANG_ENABLE_OBJC_WEAK = YES;
				CLANG_WARN_BLOCK_CAPTURE_AUTORELEASING = YES;
				CLANG_WARN_BOOL_CONVERSION = YES;
				CLANG_WARN_COMMA = YES;
				CLANG_WARN_CONSTANT_CONVERSION = YES;
				CLANG_WARN_DEPRECATED_OBJC_IMPLEMENTATIONS = YES;
				CLANG_WARN_DIRECT_OBJC_ISA_USAGE = YES_ERROR;
				CLANG_WARN_DOCUMENTATION_COMMENTS = YES;
				CLANG_WARN_EMPTY_BODY = YES;
				CLANG_WARN_ENUM_CONVERSION = YES;
				CLANG_WARN_INFINITE_RECURSION = YES;
				CLANG_WARN_INT_CONVERSION = YES;
				CLANG_WARN_NON_LITERAL_NULL_CONVERSION = YES;
				CLANG_WARN_OBJC_IMPLICIT_RETAIN_SELF = YES;
				CLANG_WARN_OBJC_LITERAL_CONVERSION = YES;
				CLANG_WARN_OBJC_ROOT_CLASS = YES_ERROR;
				CLANG_WARN_QUOTED_INCLUDE_IN_FRAMEWORK_HEADER = YES;
				CLANG_WARN_RANGE_LOOP_ANALYSIS = YES;
				CLANG_WARN_STRICT_PROTOTYPES = YES;
				CLANG_WARN_SUSPICIOUS_MOVE = YES;
				CLANG_WARN_UNGUARDED_AVAILABILITY = YES_AGGRESSIVE;
				CLANG_WARN_UNREACHABLE_CODE = YES;
				CLANG_WARN__DUPLICATE_METHOD_MATCH = YES;
				COPY_PHASE_STRIP = NO;
				DEBUG_INFORMATION_FORMAT = dwarf;
				ENABLE_STRICT_OBJC_MSGSEND = YES;
				ENABLE_TESTABILITY = YES;
				GCC_C_LANGUAGE_STANDARD = gnu11;
				GCC_DYNAMIC_NO_PIC = NO;
				GCC_NO_COMMON_BLOCKS = YES;
				GCC_OPTIMIZATION_LEVEL = 0;
				GCC_PREPROCESSOR_DEFINITIONS = (
					"$(inherited)",
					"DEBUG=1",
				);
				GCC_WARN_64_TO_32_BIT_CONVERSION = YES;
				GCC_WARN_ABOUT_RETURN_TYPE = YES_ERROR;
				GCC_WARN_UNDECLARED_SELECTOR = YES;
				GCC_WARN_UNINITIALIZED_AUTOS = YES_AGGRESSIVE;
				GCC_WARN_UNUSED_FUNCTION = YES;
				GCC_WARN_UNUSED_VARIABLE = YES;
				GENERATE_INFOPLIST_FILE = YES;
				INFOPLIST_KEY_CFBundleDisplayName = Tada;
				INFOPLIST_KEY_LSApplicationCategoryType = "public.app-category.productivity";
				MACOSX_DEPLOYMENT_TARGET = 14.0;
				MTL_ENABLE_DEBUG_INFO = INCLUDE_SOURCE;
				MTL_FAST_MATH = YES;
				ONLY_ACTIVE_ARCH = YES;
				PRODUCT_NAME = "$(TARGET_NAME)";
				SDKROOT = macosx;
				SWIFT_ACTIVE_COMPILATION_CONDITIONS = DEBUG;
				SWIFT_OPTIMIZATION_LEVEL = "-Onone";
				SWIFT_VERSION = 5.0;
			};
			name = Debug;
		};
		FDAE55FC06FFD3EFA17865F5 /* Release */ = {
			isa = XCBuildConfiguration;
			buildSettings = {
				ALWAYS_SEARCH_USER_PATHS = NO;
				CLANG_ANALYZER_NONNULL = YES;
				CLANG_ANALYZER_NUMBER_OBJECT_CONVERSION = YES_AGGRESSIVE;
				CLANG_CXX_LANGUAGE_STANDARD = "gnu++14";
				CLANG_CXX_LIBRARY = "libc++";
				CLANG_ENABLE_MODULES = YES;
				CLANG_ENABLE_OBJC_ARC = YES;
				CLANG_ENABLE_OBJC_WEAK = YES;
				CLANG_WARN_BLOCK_CAPTURE_AUTORELEASING = YES;
				CLANG_WARN_BOOL_CONVERSION = YES;
				CLANG_WARN_COMMA = YES;
				CLANG_WARN_CONSTANT_CONVERSION = YES;
				CLANG_WARN_DEPRECATED_OBJC_IMPLEMENTATIONS = YES;
				CLANG_WARN_DIRECT_OBJC_ISA_USAGE = YES_ERROR;
				CLANG_WARN_DOCUMENTATION_COMMENTS = YES;
				CLANG_WARN_EMPTY_BODY = YES;
				CLANG_WARN_ENUM_CONVERSION = YES;
				CLANG_WARN_INFINITE_RECURSION = YES;
				CLANG_WARN_INT_CONVERSION = YES;
				CLANG_WARN_NON_LITERAL_NULL_CONVERSION = YES;
				CLANG_WARN_OBJC_IMPLICIT_RETAIN_SELF = YES;
				CLANG_WARN_OBJC_LITERAL_CONVERSION = YES;
				CLANG_WARN_OBJC_ROOT_CLASS = YES_ERROR;
				CLANG_WARN_QUOTED_INCLUDE_IN_FRAMEWORK_HEADER = YES;
				CLANG_WARN_RANGE_LOOP_ANALYSIS = YES;
				CLANG_WARN_STRICT_PROTOTYPES = YES;
				CLANG_WARN_SUSPICIOUS_MOVE = YES;
				CLANG_WARN_UNGUARDED_AVAILABILITY = YES_AGGRESSIVE;
				CLANG_WARN_UNREACHABLE_CODE = YES;
				CLANG_WARN__DUPLICATE_METHOD_MATCH = YES;
				COPY_PHASE_STRIP = NO;
				DEBUG_INFORMATION_FORMAT = "dwarf-with-dsym";
				ENABLE_NS_ASSERTIONS = NO;
				ENABLE_STRICT_OBJC_MSGSEND = YES;
				GCC_C_LANGUAGE_STANDARD = gnu11;
				GCC_NO_COMMON_BLOCKS = YES;
				GCC_WARN_64_TO_32_BIT_CONVERSION = YES;
				GCC_WARN_ABOUT_RETURN_TYPE = YES_ERROR;
				GCC_WARN_UNDECLARED_SELECTOR = YES;
				GCC_WARN_UNINITIALIZED_AUTOS = YES_AGGRESSIVE;
				GCC_WARN_UNUSED_FUNCTION = YES;
				GCC_WARN_UNUSED_VARIABLE = YES;
				GENERATE_INFOPLIST_FILE = YES;
				INFOPLIST_KEY_CFBundleDisplayName = Tada;
				INFOPLIST_KEY_LSApplicationCategoryType = "public.app-category.productivity";
				MACOSX_DEPLOYMENT_TARGET = 14.0;
				MTL_ENABLE_DEBUG_INFO = NO;
				MTL_FAST_MATH = YES;
				PRODUCT_NAME = "$(TARGET_NAME)";
				SDKROOT = macosx;
				SWIFT_COMPILATION_MODE = wholemodule;
				SWIFT_OPTIMIZATION_LEVEL = "-O";
				SWIFT_VERSION = 5.0;
			};
			name = Release;
		};
/* End XCBuildConfiguration section */

/* Begin XCConfigurationList section */
		E9CAC23CE6AFB641E31C7DB9 /* Build configuration list for PBXNativeTarget "Tada" */ = {
			isa = XCConfigurationList;
			buildConfigurations = (
				2C5FB987D89A03D17F949F1E /* Debug */,
				733F8F813A19C900F10D829B /* Release */,
			);
			defaultConfigurationIsVisible = 0;
			defaultConfigurationName = Debug;
		};
		EAABBCB99CB2F512265BCA51 /* Build configuration list for PBXProject "Tada" */ = {
			isa = XCConfigurationList;
			buildConfigurations = (
				D692A3F4EAB330614FFCD72C /* Debug */,
				FDAE55FC06FFD3EFA17865F5 /* Release */,
			);
			defaultConfigurationIsVisible = 0;
			defaultConfigurationName = Debug;
		};
/* End XCConfigurationList section */
	};
	rootObject = 007076C634D95A9FF14D558E /* Project object */;
}
