// !$*UTF8*$!
{
	archiveVersion = 1;
	classes = {
	};
	objectVersion = 77;
	objects = {

/* Begin PBXBuildFile section */
		013F8249FE4624674ED9061D /* UITestSupport.swift in Sources */ = {isa = PBXBuildFile; fileRef = BEF402F9D6B9A85E3C00CF75 /* UITestSupport.swift */; };
		0630EC584BFD55C90531BD96 /* ActionSchema.swift in Sources */ = {isa = PBXBuildFile; fileRef = ED8F618CE4930B94179B2AE9 /* ActionSchema.swift */; };
		08B0233EB4A7DE521C36AD5D /* ContentView.swift in Sources */ = {isa = PBXBuildFile; fileRef = 0F64C5F78AABA017B217F1DC /* ContentView.swift */; };
		0AC29E72906DCF17CD4AD291 /* CoachContext.swift in Sources */ = {isa = PBXBuildFile; fileRef = 79554E79A846B8F4C228D6F3 /* CoachContext.swift */; };
		0E6539A7CD721A50111E7AD8 /* AppError.swift in Sources */ = {isa = PBXBuildFile; fileRef = 239A0084BD96C811D9FF2432 /* AppError.swift */; };
		0F5A78C9A22718694CF9CDDB /* PlannerAIService.swift in Sources */ = {isa = PBXBuildFile; fileRef = 12E161A4E5BB3CDB78208560 /* PlannerAIService.swift */; };
		10A1C79A4924740936FEBAC3 /* ModelCatalogTests.swift in Sources */ = {isa = PBXBuildFile; fileRef = 9397FF5EE5E5A73766D5A9EC /* ModelCatalogTests.swift */; };
		149E835E3FF60CA3003CC92A /* DrawingCanvasRenderer.swift in Sources */ = {isa = PBXBuildFile; fileRef = 5581031972283519A88D4728 /* DrawingCanvasRenderer.swift */; };
		14EA5A208D75691599273558 /* APIKeyBanner.swift in Sources */ = {isa = PBXBuildFile; fileRef = 541C7CDF3BC768FF6E5E3B88 /* APIKeyBanner.swift */; };
		1745C02C68B00D1FA4659714 /* KnowledgeBaseService.swift in Sources */ = {isa = PBXBuildFile; fileRef = AA158EE4A1DCC43160B16A31 /* KnowledgeBaseService.swift */; };
		17C81C35F353F9ACEAEF79FC /* FirstLaunchTests.swift in Sources */ = {isa = PBXBuildFile; fileRef = B31545F69F08DA90DC481BB4 /* FirstLaunchTests.swift */; };
		180723821A522A6B3A354C96 /* BrainstormCanvasRenderer.swift in Sources */ = {isa = PBXBuildFile; fileRef = 8955A75C88FA5BAAFA35D381 /* BrainstormCanvasRenderer.swift */; };
		18ED398880B6C3FFA1630BB7 /* KnowledgeBaseGraphData.swift in Sources */ = {isa = PBXBuildFile; fileRef = 0AFA38C7A819C2ECF47E94EC /* KnowledgeBaseGraphData.swift */; };
		193C85E4D97EFA2D31D098D7 /* NetworkStub.swift in Sources */ = {isa = PBXBuildFile; fileRef = D507C2632A6798B9692CC263 /* NetworkStub.swift */; };
		1A7321D23F97B428A99302C3 /* FMGenerableTypes.swift in Sources */ = {isa = PBXBuildFile; fileRef = 8439843F4D0832B5E880691B /* FMGenerableTypes.swift */; };
		21D72059C1A9E93279B17D2C /* SingleSelectRenderer.swift in Sources */ = {isa = PBXBuildFile; fileRef = 4A8BB806FE664252E776B398 /* SingleSelectRenderer.swift */; };
		24F4094DB3FAFEED2394FB97 /* CoachMessage.swift in Sources */ = {isa = PBXBuildFile; fileRef = 057903980624A20B77AE694A /* CoachMessage.swift */; };
		271821104A11272610EDE012 /* CoachViewModelTests.swift in Sources */ = {isa = PBXBuildFile; fileRef = 2DCA3D986E4A64131901A551 /* CoachViewModelTests.swift */; };
		2A50D71A8FE5133379958654 /* ActionCardViewModel.swift in Sources */ = {isa = PBXBuildFile; fileRef = A3323E4404D02BF66BE79286 /* ActionCardViewModel.swift */; };
		2C12E9F22FE2285C05A9A1A4 /* ActionSchemaTests.swift in Sources */ = {isa = PBXBuildFile; fileRef = BCD053E448109D0BA7D79C4E /* ActionSchemaTests.swift */; };
		2D74B6215A1A457B24179199 /* CoachViewModel.swift in Sources */ = {isa = PBXBuildFile; fileRef = 36D6A3C4A62D963766989E31 /* CoachViewModel.swift */; };
		2DACE44AF6AC6847B39C9487 /* FocusedTaskUITests.swift in Sources */ = {isa = PBXBuildFile; fileRef = 601C173D48FF0453DC002E2A /* FocusedTaskUITests.swift */; };
		318038967F7918BFC12EBD30 /* APIKeyBannerTests.swift in Sources */ = {isa = PBXBuildFile; fileRef = 9CD9D1806A85DF80EDBD59FF /* APIKeyBannerTests.swift */; };
		36BD566680D3D1347576A2E2 /* AIBackendTests.swift in Sources */ = {isa = PBXBuildFile; fileRef = 586625A0515917678B28F063 /* AIBackendTests.swift */; };
		3968E968327B3BBD8C0F4E71 /* Assets.xcassets in Resources */ = {isa = PBXBuildFile; fileRef = B7BFE8D82E8DAB9CD0C5429F /* Assets.xcassets */; };
		39935406C4539F72690CCB69 /* SettingsWindowManager.swift in Sources */ = {isa = PBXBuildFile; fileRef = FB3B8EF757DDAC5BC288197F /* SettingsWindowManager.swift */; };
		3A5C0F0623AD5FB306F9C8CB /* UITestMockServicesTests.swift in Sources */ = {isa = PBXBuildFile; fileRef = B3E7867AC5443DA2DDF128E0 /* UITestMockServicesTests.swift */; };
		3A716DD997221A0E100BCAEE /* PlanningMemoryService.swift in Sources */ = {isa = PBXBuildFile; fileRef = 67543D97976FE3666E0145C0 /* PlanningMemoryService.swift */; };
		3C99063D334031057EA92284 /* TadaApp.swift in Sources */ = {isa = PBXBuildFile; fileRef = 6D4A86EB42B4EC4CF91CB546 /* TadaApp.swift */; };
		3E25DDF42F13CA409DEF47AF /* KnowledgeBaseFilesystemTests.swift in Sources */ = {isa = PBXBuildFile; fileRef = 754ECD3450D51E87DBA49AAC /* KnowledgeBaseFilesystemTests.swift */; };
		4393D5DE7402B5F9D06164E4 /* NoteEditorView.swift in Sources */ = {isa = PBXBuildFile; fileRef = 6FFABDF111086865E15D1FE1 /* NoteEditorView.swift */; };
		4406B1C895563B3C89751D0D /* CoachModelTests.swift in Sources */ = {isa = PBXBuildFile; fileRef = 9FA4F0CBC6C613830F8A8977 /* CoachModelTests.swift */; };
		4864AE68CF576B2438949390 /* APILog.swift in Sources */ = {isa = PBXBuildFile; fileRef = 7E49CA1950C5B4E743EC58EA /* APILog.swift */; };
		4983BD74548AEAD09F95EE77 /* TaskCreationTests.swift in Sources */ = {isa = PBXBuildFile; fileRef = E6077EE60E1652F55F3953C7 /* TaskCreationTests.swift */; };
		4CE87A315160C80F8FA25F9C /* ConsoleView.swift in Sources */ = {isa = PBXBuildFile; fileRef = AEE9C7BF8BD28566678D2D0C /* ConsoleView.swift */; };
		4D017148FEB4DC86ED14E69D /* AppErrorTests.swift in Sources */ = {isa = PBXBuildFile; fileRef = C5E6B6854299D3BCE328DCD7 /* AppErrorTests.swift */; };
		4D182D9CB1B58BF4CF15367A /* RangeSliderRenderer.swift in Sources */ = {isa = PBXBuildFile; fileRef = C4DA9391E34FC4F23B267463 /* RangeSliderRenderer.swift */; };
		4D210467DBDF3095E4994072 /* ExecutiveAIService.swift in Sources */ = {isa = PBXBuildFile; fileRef = E61894AF50AA0360D5EBE325 /* ExecutiveAIService.swift */; };
		514ECA71F40A7DAC7DFD2113 /* SubTask.swift in Sources */ = {isa = PBXBuildFile; fileRef = 0FB478B7FF8E41F91403A686 /* SubTask.swift */; };
		52F68D0A63C03CA39DC0114D /* FMGenerableMappingTests.swift in Sources */ = {isa = PBXBuildFile; fileRef = FD640937E7576B5E2715ECEC /* FMGenerableMappingTests.swift */; };
		5AF268F2BD4B86D9A60FCE81 /* PlanningMemoryServiceTests.swift in Sources */ = {isa = PBXBuildFile; fileRef = 98DD74C3B1B41B4E3BC83F0C /* PlanningMemoryServiceTests.swift */; };
		5B8D1CDFB7F885E6AD8D6086 /* KnowledgeBaseServiceTests.swift in Sources */ = {isa = PBXBuildFile; fileRef = E48426AA5936163BB952C8E0 /* KnowledgeBaseServiceTests.swift */; };
		63A59D73D8389428CEF179A7 /* KnowledgeBaseFilesystem.swift in Sources */ = {isa = PBXBuildFile; fileRef = F338BD2F28644CFB9B86EE00 /* KnowledgeBaseFilesystem.swift */; };
		63E6198156E7779BA45C9898 /* CompletedTasksView.swift in Sources */ = {isa = PBXBuildFile; fileRef = C3BB8475FCA5F8B82CB4897F /* CompletedTasksView.swift */; };
		653AD78291B680BAA4BDA4D5 /* NumberFieldRenderer.swift in Sources */ = {isa = PBXBuildFile; fileRef = 13E96F4F08E08E6F55B99482 /* NumberFieldRenderer.swift */; };
		66676BE9056ACBBB2110A038 /* TaskCardComponents.swift in Sources */ = {isa = PBXBuildFile; fileRef = DC74F941D63F1C4883BA6D9D /* TaskCardComponents.swift */; };
		6898662948CD6CD69CB1F18F /* TaskTests.swift in Sources */ = {isa = PBXBuildFile; fileRef = 85E202E70096654574C20BA2 /* TaskTests.swift */; };
		6B4EF9E52D289FB0A8908CCD /* ItemTableRenderer.swift in Sources */ = {isa = PBXBuildFile; fileRef = 26B705794E027B81D65534D9 /* ItemTableRenderer.swift */; };
		6C714EBFBBB3608311F90455 /* BrainstormCanvasTests.swift in Sources */ = {isa = PBXBuildFile; fileRef = 9063C49E6C96BA6BC975499F /* BrainstormCanvasTests.swift */; };
		6E390BC021FF2FC6256E551B /* IntegrationTestExpectations.swift in Sources */ = {isa = PBXBuildFile; fileRef = DE235B20E187DB732790239D /* IntegrationTestExpectations.swift */; };
		704D3BB96D7E60B48365923A /* RendererLogicTests.swift in Sources */ = {isa = PBXBuildFile; fileRef = E6D1E5ABF2CC5C88936E3058 /* RendererLogicTests.swift */; };
		730AAE116B7F554567174E2A /* ModelCatalog.swift in Sources */ = {isa = PBXBuildFile; fileRef = 3DEF26CF5A1355C71FF9D4A4 /* ModelCatalog.swift */; };
		740D4679BDC7B999F4D28111 /* CountSelectorRenderer.swift in Sources */ = {isa = PBXBuildFile; fileRef = E78C9B0C72279AFA847308DF /* CountSelectorRenderer.swift */; };
		7519911274F294C8BC17AF42 /* DiscoveryCompletionTests.swift in Sources */ = {isa = PBXBuildFile; fileRef = 14F2B69D05C95AEBAA716564 /* DiscoveryCompletionTests.swift */; };
		77B4210DB5E4BD486927C67A /* FullTaskFlowTests.swift in Sources */ = {isa = PBXBuildFile; fileRef = DD051C87B11AD5B179432D6A /* FullTaskFlowTests.swift */; };
		796D1C490AB5ADA04BC31519 /* APIKeyValidationTests.swift in Sources */ = {isa = PBXBuildFile; fileRef = 45429D7E41B88DDE609DB433 /* APIKeyValidationTests.swift */; };
		7C51DD6B3512A40DDD414085 /* Task.swift in Sources */ = {isa = PBXBuildFile; fileRef = 0B97DC2D37F54C523EA9ABE0 /* Task.swift */; };
		7DED971BC71DC17EFB3071DC /* APIKeyManager.swift in Sources */ = {isa = PBXBuildFile; fileRef = 42E127E50B95D50B34687BE0 /* APIKeyManager.swift */; };
		804A09471579777195758720 /* TestSupport.swift in Sources */ = {isa = PBXBuildFile; fileRef = 4ADBD7DBAB9AC6C7CA2B2EBD /* TestSupport.swift */; };
		82BBE6F0F85B510A081BA2EC /* CoachChatView.swift in Sources */ = {isa = PBXBuildFile; fileRef = EF8B486567A694EA7B1C3CD9 /* CoachChatView.swift */; };
		82ED365B6F24B012627FC3CC /* EnumTests.swift in Sources */ = {isa = PBXBuildFile; fileRef = 7886A3EC2A999477CD444A7A /* EnumTests.swift */; };
		8579DBCAD117FE2589F5B284 /* OrderedListRenderer.swift in Sources */ = {isa = PBXBuildFile; fileRef = 520A515485B107B3F22819CF /* OrderedListRenderer.swift */; };
		85889D08A9DC7253578C1AB8 /* TextFieldRenderer.swift in Sources */ = {isa = PBXBuildFile; fileRef = 6249436256AF653A0CC81065 /* TextFieldRenderer.swift */; };
		86D4DEEC8CB12B98C1AA3511 /* KnowledgeBaseGenerator.swift in Sources */ = {isa = PBXBuildFile; fileRef = D6C77F3CCDBDF6E43FF8D233 /* KnowledgeBaseGenerator.swift */; };
		91301608CB299208DB3F5438 /* KnowledgeBaseLinkDiscoveryTests.swift in Sources */ = {isa = PBXBuildFile; fileRef = 6DC0F1BC7CF0846D4AE03533 /* KnowledgeBaseLinkDiscoveryTests.swift */; };
		936CCC42054EC17A8CD00084 /* KnowledgeBaseEntityLinkerTests.swift in Sources */ = {isa = PBXBuildFile; fileRef = 1D2633A85CCE698FE052316F /* KnowledgeBaseEntityLinkerTests.swift */; };
		93EB1BFCADAA430C08928584 /* KnowledgeResponseExtractorTests.swift in Sources */ = {isa = PBXBuildFile; fileRef = 87DA9C4FF066DE773815E1F0 /* KnowledgeResponseExtractorTests.swift */; };
		96A8DBBF146F00034D2B350C /* ExecutiveAIServiceTests.swift in Sources */ = {isa = PBXBuildFile; fileRef = 288902E9441EDC518DBD575A /* ExecutiveAIServiceTests.swift */; };
		980C61EE1ACA3F0AD83F2F52 /* IntegrationTestContainer.swift in Sources */ = {isa = PBXBuildFile; fileRef = 2E23EDBDC778C4E428B1E1CF /* IntegrationTestContainer.swift */; };
		9A6C8F9818DA891B741211BD /* ClaudeAPIClient.swift in Sources */ = {isa = PBXBuildFile; fileRef = 64F8644AC0C6D6DE6A84F872 /* ClaudeAPIClient.swift */; };
		9C72B41525BA334DEF704757 /* AppServices.swift in Sources */ = {isa = PBXBuildFile; fileRef = 4115AD12AC60F1D55CE053EC /* AppServices.swift */; };
		9CE6E1B38BB820A772CC5298 /* KnowledgeBaseProtocol.swift in Sources */ = {isa = PBXBuildFile; fileRef = 2D3188976D47C0158DC35A3F /* KnowledgeBaseProtocol.swift */; };
		9D45EF04A0E65F23CB1B868C /* TextAreaRenderer.swift in Sources */ = {isa = PBXBuildFile; fileRef = E340411D9601AE367EBA7CF7 /* TextAreaRenderer.swift */; };
		A1118B676EBA53B5E8841E6C /* ExecutionPhaseTests.swift in Sources */ = {isa = PBXBuildFile; fileRef = 4F47DA17D41C06609DAC46AA /* ExecutionPhaseTests.swift */; };
		A5CCF038CC18B36C6F8E2963 /* ChecklistRenderer.swift in Sources */ = {isa = PBXBuildFile; fileRef = 881EAAAE099ACB876A95DD9C /* ChecklistRenderer.swift */; };
		A5CFA4341F4412B38A31CA9E /* KnowledgeBaseIndexer.swift in Sources */ = {isa = PBXBuildFile; fileRef = 6E9D25C6421150612BAA8EB5 /* KnowledgeBaseIndexer.swift */; };
		A750676F3BE43719A4002483 /* FocusedTaskView.swift in Sources */ = {isa = PBXBuildFile; fileRef = D6430F227BDA07EAAC22F826 /* FocusedTaskView.swift */; };
		A7E213C9F9EF6FEE5C8CBD8D /* DateFieldRenderer.swift in Sources */ = {isa = PBXBuildFile; fileRef = 1ED851172080F236AE256ED6 /* DateFieldRenderer.swift */; };
		A8977EB10DB98D2DB617B3BB /* TadaUITests.swift in Sources */ = {isa = PBXBuildFile; fileRef = C9201E72F42F90D2135D71C0 /* TadaUITests.swift */; };
		ACA512DAB4952517ACBB1062 /* ClaudeNetworkTests.swift in Sources */ = {isa = PBXBuildFile; fileRef = A7636FF26BB983CDE7100ACC /* ClaudeNetworkTests.swift */; };
		ACAD70F07C1C67AC0B6869FF /* UITestSupport.swift in Sources */ = {isa = PBXBuildFile; fileRef = F03ADC44DA5321CB321E1DAE /* UITestSupport.swift */; };
		ACD4DC70A4B0CC88D83485F3 /* KnowledgeGraphView.swift in Sources */ = {isa = PBXBuildFile; fileRef = 1FDA9FCECAA70A1F50C3121D /* KnowledgeGraphView.swift */; };
		B0931D218244239BDC091D3D /* ActionRequiredView.swift in Sources */ = {isa = PBXBuildFile; fileRef = B24B99CB688B0E0C5219BCB7 /* ActionRequiredView.swift */; };
		B3D22DBEAAF1309DB1591D32 /* AddSubTasksSheet.swift in Sources */ = {isa = PBXBuildFile; fileRef = A3AB4E6DD9DC96E05E0F48F4 /* AddSubTasksSheet.swift */; };
		B5DF825921FE5CA623D16408 /* CoachTool.swift in Sources */ = {isa = PBXBuildFile; fileRef = 46792E63FE4F885D60523B43 /* CoachTool.swift */; };
		B8D2210B67B90E65DD7F6559 /* CollapsedCardsOnLoadTests.swift in Sources */ = {isa = PBXBuildFile; fileRef = 08DBF3EE10F0E8E9F46A572E /* CollapsedCardsOnLoadTests.swift */; };
		B93B6E08D174061E5BD8FAC2 /* UITestMockServices.swift in Sources */ = {isa = PBXBuildFile; fileRef = 5758F32093BBA66513A910F4 /* UITestMockServices.swift */; };
		B9C7C1518CA0CA8377C4500E /* ResponseFormatterTests.swift in Sources */ = {isa = PBXBuildFile; fileRef = D1B61D8D7323E2B9E566FE32 /* ResponseFormatterTests.swift */; };
		BA3245F896218EFCE6345133 /* ActionUIRenderer.swift in Sources */ = {isa = PBXBuildFile; fileRef = C7AFED24E57E77828F76961D /* ActionUIRenderer.swift */; };
		C1DE83561D059B380D2873A9 /* KnowledgeBaseGraphDataTests.swift in Sources */ = {isa = PBXBuildFile; fileRef = B1A2FB5F6BDDF7FC218EF9FB /* KnowledgeBaseGraphDataTests.swift */; };
		C2CDC7190061032D5764148A /* ResponseFormatter.swift in Sources */ = {isa = PBXBuildFile; fileRef = AFC8D2512FA6C79EA9E970F8 /* ResponseFormatter.swift */; };
		C8564D3E8386A4A4E0E0C1D2 /* AIBackend.swift in Sources */ = {isa = PBXBuildFile; fileRef = 01EBDE7DB429FFAA3DF3F9A2 /* AIBackend.swift */; };
		C98B9BF0818ABD52072A59D6 /* MockServices.swift in Sources */ = {isa = PBXBuildFile; fileRef = 9CCBB0DE04768D8FD2945ABA /* MockServices.swift */; };
		CB1A90056A4329854CF5A20B /* Enums.swift in Sources */ = {isa = PBXBuildFile; fileRef = 5B5D44617874164FB5D74FA1 /* Enums.swift */; };
		D933B7B60FA753C6475789B3 /* CollapsedSubTaskSectionsTests.swift in Sources */ = {isa = PBXBuildFile; fileRef = 7D6AFD43B5764A09DD5FCBF9 /* CollapsedSubTaskSectionsTests.swift */; };
		DD11AC4B3B3435D02E68D83E /* ModelGapsTests.swift in Sources */ = {isa = PBXBuildFile; fileRef = 5E75BDC9B9579899359FB016 /* ModelGapsTests.swift */; };
		DD4684614608AA5E4A993E2C /* YesNoRenderer.swift in Sources */ = {isa = PBXBuildFile; fileRef = CE063D4DC8DAF57D4A572686 /* YesNoRenderer.swift */; };
		DF35469E10B49DCAEB898E86 /* KnowledgeBaseView.swift in Sources */ = {isa = PBXBuildFile; fileRef = 5B729A91786DC3A9DFFBC732 /* KnowledgeBaseView.swift */; };
		DFE6055F84CFBF4EA8AEF206 /* AppConstants.swift in Sources */ = {isa = PBXBuildFile; fileRef = B005C8DDC35EFE35C3ECC93B /* AppConstants.swift */; };
		E0A476533AC5878CDA9A6685 /* HierarchicalListRenderer.swift in Sources */ = {isa = PBXBuildFile; fileRef = 16CE923D9C32BCD8B221CE3E /* HierarchicalListRenderer.swift */; };
		E288640FBB6330779D9008E2 /* KnowledgeBaseEntityLinker.swift in Sources */ = {isa = PBXBuildFile; fileRef = 4294976CFA92E4191E991030 /* KnowledgeBaseEntityLinker.swift */; };
		E36C4E41C26AE1E82D8D2CF4 /* CoachService.swift in Sources */ = {isa = PBXBuildFile; fileRef = 79EA1E6D607E969A6A5848E5 /* CoachService.swift */; };
		E63327CC14CAAB356A20DA88 /* KnowledgeAIService.swift in Sources */ = {isa = PBXBuildFile; fileRef = BDB362AB25A5E0F829E3392A /* KnowledgeAIService.swift */; };
		E6DFD26A57958CCAFA3DF16C /* KnowledgeBaseLinkDiscovery.swift in Sources */ = {isa = PBXBuildFile; fileRef = 0ADF9A971DB731ECEECE2E8A /* KnowledgeBaseLinkDiscovery.swift */; };
		E971A2355CF8DA00FF3726A2 /* ActionCardViewModelTests.swift in Sources */ = {isa = PBXBuildFile; fileRef = 83B182E7BBF566530C239FFA /* ActionCardViewModelTests.swift */; };
		EA835042054DE276E520F9CB /* NewTaskSheet.swift in Sources */ = {isa = PBXBuildFile; fileRef = D74C450CC17A62E1A9AC1C04 /* NewTaskSheet.swift */; };
		F5AE437313E3053F30C49361 /* KnowledgeBaseIndexerTests.swift in Sources */ = {isa = PBXBuildFile; fileRef = AEDF213D9AE920BD0B79DEF6 /* KnowledgeBaseIndexerTests.swift */; };
		F7A63C07965B480A410BA7B6 /* MultiSelectRenderer.swift in Sources */ = {isa = PBXBuildFile; fileRef = 581BDBC87B16883D159B114B /* MultiSelectRenderer.swift */; };
		FA528C63A276F0FAF945F186 /* APILogTests.swift in Sources */ = {isa = PBXBuildFile; fileRef = 6D372E635A9EBE7730769C71 /* APILogTests.swift */; };
		FABEFEDD09E4B74EE5920695 /* SliderRenderer.swift in Sources */ = {isa = PBXBuildFile; fileRef = 9D2C2BCC951B243B3EF103E0 /* SliderRenderer.swift */; };
		FAD6F7CC30E50DEE40165E34 /* SettingsView.swift in Sources */ = {isa = PBXBuildFile; fileRef = A08B0C130F8614E354853784 /* SettingsView.swift */; };
		FDC9E5CACDD0710AF5BAFE7B /* AllTasksView.swift in Sources */ = {isa = PBXBuildFile; fileRef = 5DB44FC48FD3A7E8FE616633 /* AllTasksView.swift */; };
/* End PBXBuildFile section */

/* Begin PBXContainerItemProxy section */
		8C4DCAFBA7D5556F7DAF3876 /* PBXContainerItemProxy */ = {
			isa = PBXContainerItemProxy;
			containerPortal = 007076C634D95A9FF14D558E /* Project object */;
			proxyType = 1;
			remoteGlobalIDString = 0B9BC44E62918E7EA9EF0028;
			remoteInfo = Tada;
		};
		A6785A792991948E7B6C0892 /* PBXContainerItemProxy */ = {
			isa = PBXContainerItemProxy;
			containerPortal = 007076C634D95A9FF14D558E /* Project object */;
			proxyType = 1;
			remoteGlobalIDString = 0B9BC44E62918E7EA9EF0028;
			remoteInfo = Tada;
		};
		C8D9E5AD599CB61B8D021D0D /* PBXContainerItemProxy */ = {
			isa = PBXContainerItemProxy;
			containerPortal = 007076C634D95A9FF14D558E /* Project object */;
			proxyType = 1;
			remoteGlobalIDString = 0B9BC44E62918E7EA9EF0028;
			remoteInfo = Tada;
		};
/* End PBXContainerItemProxy section */

/* Begin PBXFileReference section */
		01EBDE7DB429FFAA3DF3F9A2 /* AIBackend.swift */ = {isa = PBXFileReference; lastKnownFileType = sourcecode.swift; path = AIBackend.swift; sourceTree = "<group>"; };
		057903980624A20B77AE694A /* CoachMessage.swift */ = {isa = PBXFileReference; lastKnownFileType = sourcecode.swift; path = CoachMessage.swift; sourceTree = "<group>"; };
		08DBF3EE10F0E8E9F46A572E /* CollapsedCardsOnLoadTests.swift */ = {isa = PBXFileReference; lastKnownFileType = sourcecode.swift; path = CollapsedCardsOnLoadTests.swift; sourceTree = "<group>"; };
		0ADF9A971DB731ECEECE2E8A /* KnowledgeBaseLinkDiscovery.swift */ = {isa = PBXFileReference; lastKnownFileType = sourcecode.swift; path = KnowledgeBaseLinkDiscovery.swift; sourceTree = "<group>"; };
		0AFA38C7A819C2ECF47E94EC /* KnowledgeBaseGraphData.swift */ = {isa = PBXFileReference; lastKnownFileType = sourcecode.swift; path = KnowledgeBaseGraphData.swift; sourceTree = "<group>"; };
		0B97DC2D37F54C523EA9ABE0 /* Task.swift */ = {isa = PBXFileReference; lastKnownFileType = sourcecode.swift; path = Task.swift; sourceTree = "<group>"; };
		0F64C5F78AABA017B217F1DC /* ContentView.swift */ = {isa = PBXFileReference; lastKnownFileType = sourcecode.swift; path = ContentView.swift; sourceTree = "<group>"; };
		0FB478B7FF8E41F91403A686 /* SubTask.swift */ = {isa = PBXFileReference; lastKnownFileType = sourcecode.swift; path = SubTask.swift; sourceTree = "<group>"; };
		12E161A4E5BB3CDB78208560 /* PlannerAIService.swift */ = {isa = PBXFileReference; lastKnownFileType = sourcecode.swift; path = PlannerAIService.swift; sourceTree = "<group>"; };
		13E96F4F08E08E6F55B99482 /* NumberFieldRenderer.swift */ = {isa = PBXFileReference; lastKnownFileType = sourcecode.swift; path = NumberFieldRenderer.swift; sourceTree = "<group>"; };
		14F2B69D05C95AEBAA716564 /* DiscoveryCompletionTests.swift */ = {isa = PBXFileReference; lastKnownFileType = sourcecode.swift; path = DiscoveryCompletionTests.swift; sourceTree = "<group>"; };
		16CE923D9C32BCD8B221CE3E /* HierarchicalListRenderer.swift */ = {isa = PBXFileReference; lastKnownFileType = sourcecode.swift; path = HierarchicalListRenderer.swift; sourceTree = "<group>"; };
		1D2633A85CCE698FE052316F /* KnowledgeBaseEntityLinkerTests.swift */ = {isa = PBXFileReference; lastKnownFileType = sourcecode.swift; path = KnowledgeBaseEntityLinkerTests.swift; sourceTree = "<group>"; };
		1ED851172080F236AE256ED6 /* DateFieldRenderer.swift */ = {isa = PBXFileReference; lastKnownFileType = sourcecode.swift; path = DateFieldRenderer.swift; sourceTree = "<group>"; };
		1FDA9FCECAA70A1F50C3121D /* KnowledgeGraphView.swift */ = {isa = PBXFileReference; lastKnownFileType = sourcecode.swift; path = KnowledgeGraphView.swift; sourceTree = "<group>"; };
		239A0084BD96C811D9FF2432 /* AppError.swift */ = {isa = PBXFileReference; lastKnownFileType = sourcecode.swift; path = AppError.swift; sourceTree = "<group>"; };
		26B705794E027B81D65534D9 /* ItemTableRenderer.swift */ = {isa = PBXFileReference; lastKnownFileType = sourcecode.swift; path = ItemTableRenderer.swift; sourceTree = "<group>"; };
		288902E9441EDC518DBD575A /* ExecutiveAIServiceTests.swift */ = {isa = PBXFileReference; lastKnownFileType = sourcecode.swift; path = ExecutiveAIServiceTests.swift; sourceTree = "<group>"; };
		2D3188976D47C0158DC35A3F /* KnowledgeBaseProtocol.swift */ = {isa = PBXFileReference; lastKnownFileType = sourcecode.swift; path = KnowledgeBaseProtocol.swift; sourceTree = "<group>"; };
		2DCA3D986E4A64131901A551 /* CoachViewModelTests.swift */ = {isa = PBXFileReference; lastKnownFileType = sourcecode.swift; path = CoachViewModelTests.swift; sourceTree = "<group>"; };
		2E23EDBDC778C4E428B1E1CF /* IntegrationTestContainer.swift */ = {isa = PBXFileReference; lastKnownFileType = sourcecode.swift; path = IntegrationTestContainer.swift; sourceTree = "<group>"; };
		36D6A3C4A62D963766989E31 /* CoachViewModel.swift */ = {isa = PBXFileReference; lastKnownFileType = sourcecode.swift; path = CoachViewModel.swift; sourceTree = "<group>"; };
		3DEF26CF5A1355C71FF9D4A4 /* ModelCatalog.swift */ = {isa = PBXFileReference; lastKnownFileType = sourcecode.swift; path = ModelCatalog.swift; sourceTree = "<group>"; };
		4115AD12AC60F1D55CE053EC /* AppServices.swift */ = {isa = PBXFileReference; lastKnownFileType = sourcecode.swift; path = AppServices.swift; sourceTree = "<group>"; };
		4294976CFA92E4191E991030 /* KnowledgeBaseEntityLinker.swift */ = {isa = PBXFileReference; lastKnownFileType = sourcecode.swift; path = KnowledgeBaseEntityLinker.swift; sourceTree = "<group>"; };
		42E127E50B95D50B34687BE0 /* APIKeyManager.swift */ = {isa = PBXFileReference; lastKnownFileType = sourcecode.swift; path = APIKeyManager.swift; sourceTree = "<group>"; };
		45429D7E41B88DDE609DB433 /* APIKeyValidationTests.swift */ = {isa = PBXFileReference; lastKnownFileType = sourcecode.swift; path = APIKeyValidationTests.swift; sourceTree = "<group>"; };
		46792E63FE4F885D60523B43 /* CoachTool.swift */ = {isa = PBXFileReference; lastKnownFileType = sourcecode.swift; path = CoachTool.swift; sourceTree = "<group>"; };
		4A8BB806FE664252E776B398 /* SingleSelectRenderer.swift */ = {isa = PBXFileReference; lastKnownFileType = sourcecode.swift; path = SingleSelectRenderer.swift; sourceTree = "<group>"; };
		4ADBD7DBAB9AC6C7CA2B2EBD /* TestSupport.swift */ = {isa = PBXFileReference; lastKnownFileType = sourcecode.swift; path = TestSupport.swift; sourceTree = "<group>"; };
		4F47DA17D41C06609DAC46AA /* ExecutionPhaseTests.swift */ = {isa = PBXFileReference; lastKnownFileType = sourcecode.swift; path = ExecutionPhaseTests.swift; sourceTree = "<group>"; };
		520A515485B107B3F22819CF /* OrderedListRenderer.swift */ = {isa = PBXFileReference; lastKnownFileType = sourcecode.swift; path = OrderedListRenderer.swift; sourceTree = "<group>"; };
		541C7CDF3BC768FF6E5E3B88 /* APIKeyBanner.swift */ = {isa = PBXFileReference; lastKnownFileType = sourcecode.swift; path = APIKeyBanner.swift; sourceTree = "<group>"; };
		5581031972283519A88D4728 /* DrawingCanvasRenderer.swift */ = {isa = PBXFileReference; lastKnownFileType = sourcecode.swift; path = DrawingCanvasRenderer.swift; sourceTree = "<group>"; };
		5758F32093BBA66513A910F4 /* UITestMockServices.swift */ = {isa = PBXFileReference; lastKnownFileType = sourcecode.swift; path = UITestMockServices.swift; sourceTree = "<group>"; };
		581BDBC87B16883D159B114B /* MultiSelectRenderer.swift */ = {isa = PBXFileReference; lastKnownFileType = sourcecode.swift; path = MultiSelectRenderer.swift; sourceTree = "<group>"; };
		586625A0515917678B28F063 /* AIBackendTests.swift */ = {isa = PBXFileReference; lastKnownFileType = sourcecode.swift; path = AIBackendTests.swift; sourceTree = "<group>"; };
		5B5D44617874164FB5D74FA1 /* Enums.swift */ = {isa = PBXFileReference; lastKnownFileType = sourcecode.swift; path = Enums.swift; sourceTree = "<group>"; };
		5B729A91786DC3A9DFFBC732 /* KnowledgeBaseView.swift */ = {isa = PBXFileReference; lastKnownFileType = sourcecode.swift; path = KnowledgeBaseView.swift; sourceTree = "<group>"; };
		5DB44FC48FD3A7E8FE616633 /* AllTasksView.swift */ = {isa = PBXFileReference; lastKnownFileType = sourcecode.swift; path = AllTasksView.swift; sourceTree = "<group>"; };
		5E75BDC9B9579899359FB016 /* ModelGapsTests.swift */ = {isa = PBXFileReference; lastKnownFileType = sourcecode.swift; path = ModelGapsTests.swift; sourceTree = "<group>"; };
		601C173D48FF0453DC002E2A /* FocusedTaskUITests.swift */ = {isa = PBXFileReference; lastKnownFileType = sourcecode.swift; path = FocusedTaskUITests.swift; sourceTree = "<group>"; };
		6249436256AF653A0CC81065 /* TextFieldRenderer.swift */ = {isa = PBXFileReference; lastKnownFileType = sourcecode.swift; path = TextFieldRenderer.swift; sourceTree = "<group>"; };
		64F8644AC0C6D6DE6A84F872 /* ClaudeAPIClient.swift */ = {isa = PBXFileReference; lastKnownFileType = sourcecode.swift; path = ClaudeAPIClient.swift; sourceTree = "<group>"; };
		67543D97976FE3666E0145C0 /* PlanningMemoryService.swift */ = {isa = PBXFileReference; lastKnownFileType = sourcecode.swift; path = PlanningMemoryService.swift; sourceTree = "<group>"; };
		684B8C234B830039AC9F1507 /* TadaUITests.xctest */ = {isa = PBXFileReference; explicitFileType = wrapper.cfbundle; includeInIndex = 0; path = TadaUITests.xctest; sourceTree = BUILT_PRODUCTS_DIR; };
		6D372E635A9EBE7730769C71 /* APILogTests.swift */ = {isa = PBXFileReference; lastKnownFileType = sourcecode.swift; path = APILogTests.swift; sourceTree = "<group>"; };
		6D4A86EB42B4EC4CF91CB546 /* TadaApp.swift */ = {isa = PBXFileReference; lastKnownFileType = sourcecode.swift; path = TadaApp.swift; sourceTree = "<group>"; };
		6DC0F1BC7CF0846D4AE03533 /* KnowledgeBaseLinkDiscoveryTests.swift */ = {isa = PBXFileReference; lastKnownFileType = sourcecode.swift; path = KnowledgeBaseLinkDiscoveryTests.swift; sourceTree = "<group>"; };
		6E9D25C6421150612BAA8EB5 /* KnowledgeBaseIndexer.swift */ = {isa = PBXFileReference; lastKnownFileType = sourcecode.swift; path = KnowledgeBaseIndexer.swift; sourceTree = "<group>"; };
		6FFABDF111086865E15D1FE1 /* NoteEditorView.swift */ = {isa = PBXFileReference; lastKnownFileType = sourcecode.swift; path = NoteEditorView.swift; sourceTree = "<group>"; };
		754ECD3450D51E87DBA49AAC /* KnowledgeBaseFilesystemTests.swift */ = {isa = PBXFileReference; lastKnownFileType = sourcecode.swift; path = KnowledgeBaseFilesystemTests.swift; sourceTree = "<group>"; };
		7886A3EC2A999477CD444A7A /* EnumTests.swift */ = {isa = PBXFileReference; lastKnownFileType = sourcecode.swift; path = EnumTests.swift; sourceTree = "<group>"; };
		79554E79A846B8F4C228D6F3 /* CoachContext.swift */ = {isa = PBXFileReference; lastKnownFileType = sourcecode.swift; path = CoachContext.swift; sourceTree = "<group>"; };
		79EA1E6D607E969A6A5848E5 /* CoachService.swift */ = {isa = PBXFileReference; lastKnownFileType = sourcecode.swift; path = CoachService.swift; sourceTree = "<group>"; };
		7D6AFD43B5764A09DD5FCBF9 /* CollapsedSubTaskSectionsTests.swift */ = {isa = PBXFileReference; lastKnownFileType = sourcecode.swift; path = CollapsedSubTaskSectionsTests.swift; sourceTree = "<group>"; };
		7E49CA1950C5B4E743EC58EA /* APILog.swift */ = {isa = PBXFileReference; lastKnownFileType = sourcecode.swift; path = APILog.swift; sourceTree = "<group>"; };
		83B182E7BBF566530C239FFA /* ActionCardViewModelTests.swift */ = {isa = PBXFileReference; lastKnownFileType = sourcecode.swift; path = ActionCardViewModelTests.swift; sourceTree = "<group>"; };
		8439843F4D0832B5E880691B /* FMGenerableTypes.swift */ = {isa = PBXFileReference; lastKnownFileType = sourcecode.swift; path = FMGenerableTypes.swift; sourceTree = "<group>"; };
		85E202E70096654574C20BA2 /* TaskTests.swift */ = {isa = PBXFileReference; lastKnownFileType = sourcecode.swift; path = TaskTests.swift; sourceTree = "<group>"; };
		87DA9C4FF066DE773815E1F0 /* KnowledgeResponseExtractorTests.swift */ = {isa = PBXFileReference; lastKnownFileType = sourcecode.swift; path = KnowledgeResponseExtractorTests.swift; sourceTree = "<group>"; };
		881EAAAE099ACB876A95DD9C /* ChecklistRenderer.swift */ = {isa = PBXFileReference; lastKnownFileType = sourcecode.swift; path = ChecklistRenderer.swift; sourceTree = "<group>"; };
		8955A75C88FA5BAAFA35D381 /* BrainstormCanvasRenderer.swift */ = {isa = PBXFileReference; lastKnownFileType = sourcecode.swift; path = BrainstormCanvasRenderer.swift; sourceTree = "<group>"; };
		9063C49E6C96BA6BC975499F /* BrainstormCanvasTests.swift */ = {isa = PBXFileReference; lastKnownFileType = sourcecode.swift; path = BrainstormCanvasTests.swift; sourceTree = "<group>"; };
		9397FF5EE5E5A73766D5A9EC /* ModelCatalogTests.swift */ = {isa = PBXFileReference; lastKnownFileType = sourcecode.swift; path = ModelCatalogTests.swift; sourceTree = "<group>"; };
		98DD74C3B1B41B4E3BC83F0C /* PlanningMemoryServiceTests.swift */ = {isa = PBXFileReference; lastKnownFileType = sourcecode.swift; path = PlanningMemoryServiceTests.swift; sourceTree = "<group>"; };
		9CCBB0DE04768D8FD2945ABA /* MockServices.swift */ = {isa = PBXFileReference; lastKnownFileType = sourcecode.swift; path = MockServices.swift; sourceTree = "<group>"; };
		9CD9D1806A85DF80EDBD59FF /* APIKeyBannerTests.swift */ = {isa = PBXFileReference; lastKnownFileType = sourcecode.swift; path = APIKeyBannerTests.swift; sourceTree = "<group>"; };
		9D2C2BCC951B243B3EF103E0 /* SliderRenderer.swift */ = {isa = PBXFileReference; lastKnownFileType = sourcecode.swift; path = SliderRenderer.swift; sourceTree = "<group>"; };
		9FA4F0CBC6C613830F8A8977 /* CoachModelTests.swift */ = {isa = PBXFileReference; lastKnownFileType = sourcecode.swift; path = CoachModelTests.swift; sourceTree = "<group>"; };
		A08B0C130F8614E354853784 /* SettingsView.swift */ = {isa = PBXFileReference; lastKnownFileType = sourcecode.swift; path = SettingsView.swift; sourceTree = "<group>"; };
		A2B5655C400EF91F7F457E91 /* Tada.app */ = {isa = PBXFileReference; explicitFileType = wrapper.application; includeInIndex = 0; path = Tada.app; sourceTree = BUILT_PRODUCTS_DIR; };
		A3323E4404D02BF66BE79286 /* ActionCardViewModel.swift */ = {isa = PBXFileReference; lastKnownFileType = sourcecode.swift; path = ActionCardViewModel.swift; sourceTree = "<group>"; };
		A3AB4E6DD9DC96E05E0F48F4 /* AddSubTasksSheet.swift */ = {isa = PBXFileReference; lastKnownFileType = sourcecode.swift; path = AddSubTasksSheet.swift; sourceTree = "<group>"; };
		A7636FF26BB983CDE7100ACC /* ClaudeNetworkTests.swift */ = {isa = PBXFileReference; lastKnownFileType = sourcecode.swift; path = ClaudeNetworkTests.swift; sourceTree = "<group>"; };
		AA158EE4A1DCC43160B16A31 /* KnowledgeBaseService.swift */ = {isa = PBXFileReference; lastKnownFileType = sourcecode.swift; path = KnowledgeBaseService.swift; sourceTree = "<group>"; };
		AEDF213D9AE920BD0B79DEF6 /* KnowledgeBaseIndexerTests.swift */ = {isa = PBXFileReference; lastKnownFileType = sourcecode.swift; path = KnowledgeBaseIndexerTests.swift; sourceTree = "<group>"; };
		AEE9C7BF8BD28566678D2D0C /* ConsoleView.swift */ = {isa = PBXFileReference; lastKnownFileType = sourcecode.swift; path = ConsoleView.swift; sourceTree = "<group>"; };
		AFC8D2512FA6C79EA9E970F8 /* ResponseFormatter.swift */ = {isa = PBXFileReference; lastKnownFileType = sourcecode.swift; path = ResponseFormatter.swift; sourceTree = "<group>"; };
		B005C8DDC35EFE35C3ECC93B /* AppConstants.swift */ = {isa = PBXFileReference; lastKnownFileType = sourcecode.swift; path = AppConstants.swift; sourceTree = "<group>"; };
		B1A2FB5F6BDDF7FC218EF9FB /* KnowledgeBaseGraphDataTests.swift */ = {isa = PBXFileReference; lastKnownFileType = sourcecode.swift; path = KnowledgeBaseGraphDataTests.swift; sourceTree = "<group>"; };
		B24B99CB688B0E0C5219BCB7 /* ActionRequiredView.swift */ = {isa = PBXFileReference; lastKnownFileType = sourcecode.swift; path = ActionRequiredView.swift; sourceTree = "<group>"; };
		B31545F69F08DA90DC481BB4 /* FirstLaunchTests.swift */ = {isa = PBXFileReference; lastKnownFileType = sourcecode.swift; path = FirstLaunchTests.swift; sourceTree = "<group>"; };
		B3E7867AC5443DA2DDF128E0 /* UITestMockServicesTests.swift */ = {isa = PBXFileReference; lastKnownFileType = sourcecode.swift; path = UITestMockServicesTests.swift; sourceTree = "<group>"; };
		B7BFE8D82E8DAB9CD0C5429F /* Assets.xcassets */ = {isa = PBXFileReference; lastKnownFileType = folder.assetcatalog; path = Assets.xcassets; sourceTree = "<group>"; };
		BCD053E448109D0BA7D79C4E /* ActionSchemaTests.swift */ = {isa = PBXFileReference; lastKnownFileType = sourcecode.swift; path = ActionSchemaTests.swift; sourceTree = "<group>"; };
		BDB362AB25A5E0F829E3392A /* KnowledgeAIService.swift */ = {isa = PBXFileReference; lastKnownFileType = sourcecode.swift; path = KnowledgeAIService.swift; sourceTree = "<group>"; };
		BEF402F9D6B9A85E3C00CF75 /* UITestSupport.swift */ = {isa = PBXFileReference; lastKnownFileType = sourcecode.swift; path = UITestSupport.swift; sourceTree = "<group>"; };
		C3BB8475FCA5F8B82CB4897F /* CompletedTasksView.swift */ = {isa = PBXFileReference; lastKnownFileType = sourcecode.swift; path = CompletedTasksView.swift; sourceTree = "<group>"; };
		C4DA9391E34FC4F23B267463 /* RangeSliderRenderer.swift */ = {isa = PBXFileReference; lastKnownFileType = sourcecode.swift; path = RangeSliderRenderer.swift; sourceTree = "<group>"; };
		C5E6B6854299D3BCE328DCD7 /* AppErrorTests.swift */ = {isa = PBXFileReference; lastKnownFileType = sourcecode.swift; path = AppErrorTests.swift; sourceTree = "<group>"; };
		C7AFED24E57E77828F76961D /* ActionUIRenderer.swift */ = {isa = PBXFileReference; lastKnownFileType = sourcecode.swift; path = ActionUIRenderer.swift; sourceTree = "<group>"; };
		C9201E72F42F90D2135D71C0 /* TadaUITests.swift */ = {isa = PBXFileReference; lastKnownFileType = sourcecode.swift; path = TadaUITests.swift; sourceTree = "<group>"; };
		CE063D4DC8DAF57D4A572686 /* YesNoRenderer.swift */ = {isa = PBXFileReference; lastKnownFileType = sourcecode.swift; path = YesNoRenderer.swift; sourceTree = "<group>"; };
		CF49B9BC5B8D47AB7F13E90C /* TadaTests.xctest */ = {isa = PBXFileReference; explicitFileType = wrapper.cfbundle; includeInIndex = 0; path = TadaTests.xctest; sourceTree = BUILT_PRODUCTS_DIR; };
		D1B61D8D7323E2B9E566FE32 /* ResponseFormatterTests.swift */ = {isa = PBXFileReference; lastKnownFileType = sourcecode.swift; path = ResponseFormatterTests.swift; sourceTree = "<group>"; };
		D507C2632A6798B9692CC263 /* NetworkStub.swift */ = {isa = PBXFileReference; lastKnownFileType = sourcecode.swift; path = NetworkStub.swift; sourceTree = "<group>"; };
		D6430F227BDA07EAAC22F826 /* FocusedTaskView.swift */ = {isa = PBXFileReference; lastKnownFileType = sourcecode.swift; path = FocusedTaskView.swift; sourceTree = "<group>"; };
		D6C77F3CCDBDF6E43FF8D233 /* KnowledgeBaseGenerator.swift */ = {isa = PBXFileReference; lastKnownFileType = sourcecode.swift; path = KnowledgeBaseGenerator.swift; sourceTree = "<group>"; };
		D74C450CC17A62E1A9AC1C04 /* NewTaskSheet.swift */ = {isa = PBXFileReference; lastKnownFileType = sourcecode.swift; path = NewTaskSheet.swift; sourceTree = "<group>"; };
		DC74F941D63F1C4883BA6D9D /* TaskCardComponents.swift */ = {isa = PBXFileReference; lastKnownFileType = sourcecode.swift; path = TaskCardComponents.swift; sourceTree = "<group>"; };
		DD051C87B11AD5B179432D6A /* FullTaskFlowTests.swift */ = {isa = PBXFileReference; lastKnownFileType = sourcecode.swift; path = FullTaskFlowTests.swift; sourceTree = "<group>"; };
		DE235B20E187DB732790239D /* IntegrationTestExpectations.swift */ = {isa = PBXFileReference; lastKnownFileType = sourcecode.swift; path = IntegrationTestExpectations.swift; sourceTree = "<group>"; };
		E340411D9601AE367EBA7CF7 /* TextAreaRenderer.swift */ = {isa = PBXFileReference; lastKnownFileType = sourcecode.swift; path = TextAreaRenderer.swift; sourceTree = "<group>"; };
		E48426AA5936163BB952C8E0 /* KnowledgeBaseServiceTests.swift */ = {isa = PBXFileReference; lastKnownFileType = sourcecode.swift; path = KnowledgeBaseServiceTests.swift; sourceTree = "<group>"; };
		E6077EE60E1652F55F3953C7 /* TaskCreationTests.swift */ = {isa = PBXFileReference; lastKnownFileType = sourcecode.swift; path = TaskCreationTests.swift; sourceTree = "<group>"; };
		E61894AF50AA0360D5EBE325 /* ExecutiveAIService.swift */ = {isa = PBXFileReference; lastKnownFileType = sourcecode.swift; path = ExecutiveAIService.swift; sourceTree = "<group>"; };
		E6D1E5ABF2CC5C88936E3058 /* RendererLogicTests.swift */ = {isa = PBXFileReference; lastKnownFileType = sourcecode.swift; path = RendererLogicTests.swift; sourceTree = "<group>"; };
		E78C9B0C72279AFA847308DF /* CountSelectorRenderer.swift */ = {isa = PBXFileReference; lastKnownFileType = sourcecode.swift; path = CountSelectorRenderer.swift; sourceTree = "<group>"; };
		ED8F618CE4930B94179B2AE9 /* ActionSchema.swift */ = {isa = PBXFileReference; lastKnownFileType = sourcecode.swift; path = ActionSchema.swift; sourceTree = "<group>"; };
		EF8B486567A694EA7B1C3CD9 /* CoachChatView.swift */ = {isa = PBXFileReference; lastKnownFileType = sourcecode.swift; path = CoachChatView.swift; sourceTree = "<group>"; };
		F03ADC44DA5321CB321E1DAE /* UITestSupport.swift */ = {isa = PBXFileReference; lastKnownFileType = sourcecode.swift; path = UITestSupport.swift; sourceTree = "<group>"; };
		F16117E62CFB755CB9F05600 /* TadaIntegrationTests.xctest */ = {isa = PBXFileReference; explicitFileType = wrapper.cfbundle; includeInIndex = 0; path = TadaIntegrationTests.xctest; sourceTree = BUILT_PRODUCTS_DIR; };
		F338BD2F28644CFB9B86EE00 /* KnowledgeBaseFilesystem.swift */ = {isa = PBXFileReference; lastKnownFileType = sourcecode.swift; path = KnowledgeBaseFilesystem.swift; sourceTree = "<group>"; };
		FB3B8EF757DDAC5BC288197F /* SettingsWindowManager.swift */ = {isa = PBXFileReference; lastKnownFileType = sourcecode.swift; path = SettingsWindowManager.swift; sourceTree = "<group>"; };
		FD640937E7576B5E2715ECEC /* FMGenerableMappingTests.swift */ = {isa = PBXFileReference; lastKnownFileType = sourcecode.swift; path = FMGenerableMappingTests.swift; sourceTree = "<group>"; };
/* End PBXFileReference section */

/* Begin PBXGroup section */
		14DD0D4E2D023A9D442CD318 /* Models */ = {
			isa = PBXGroup;
			children = (
				ED8F618CE4930B94179B2AE9 /* ActionSchema.swift */,
				79554E79A846B8F4C228D6F3 /* CoachContext.swift */,
				057903980624A20B77AE694A /* CoachMessage.swift */,
				46792E63FE4F885D60523B43 /* CoachTool.swift */,
				5B5D44617874164FB5D74FA1 /* Enums.swift */,
				0FB478B7FF8E41F91403A686 /* SubTask.swift */,
				0B97DC2D37F54C523EA9ABE0 /* Task.swift */,
			);
			path = Models;
			sourceTree = "<group>";
		};
		1E9C525902600987CC7D691A /* Resources */ = {
			isa = PBXGroup;
			children = (
				B7BFE8D82E8DAB9CD0C5429F /* Assets.xcassets */,
			);
			name = Resources;
			path = Tada/Resources;
			sourceTree = "<group>";
		};
		3EE39E2CAEB1B612430A285A /* Tasks */ = {
			isa = PBXGroup;
			children = (
				B24B99CB688B0E0C5219BCB7 /* ActionRequiredView.swift */,
				A3AB4E6DD9DC96E05E0F48F4 /* AddSubTasksSheet.swift */,
				5DB44FC48FD3A7E8FE616633 /* AllTasksView.swift */,
				C3BB8475FCA5F8B82CB4897F /* CompletedTasksView.swift */,
				D6430F227BDA07EAAC22F826 /* FocusedTaskView.swift */,
				5B729A91786DC3A9DFFBC732 /* KnowledgeBaseView.swift */,
				1FDA9FCECAA70A1F50C3121D /* KnowledgeGraphView.swift */,
				6FFABDF111086865E15D1FE1 /* NoteEditorView.swift */,
				DC74F941D63F1C4883BA6D9D /* TaskCardComponents.swift */,
			);
			path = Tasks;
			sourceTree = "<group>";
		};
		55443636EF7F4E81B49B0DBB /* TadaIntegrationTests */ = {
			isa = PBXGroup;
			children = (
				83B182E7BBF566530C239FFA /* ActionCardViewModelTests.swift */,
				9CD9D1806A85DF80EDBD59FF /* APIKeyBannerTests.swift */,
				45429D7E41B88DDE609DB433 /* APIKeyValidationTests.swift */,
				2DCA3D986E4A64131901A551 /* CoachViewModelTests.swift */,
				08DBF3EE10F0E8E9F46A572E /* CollapsedCardsOnLoadTests.swift */,
				7D6AFD43B5764A09DD5FCBF9 /* CollapsedSubTaskSectionsTests.swift */,
				14F2B69D05C95AEBAA716564 /* DiscoveryCompletionTests.swift */,
				4F47DA17D41C06609DAC46AA /* ExecutionPhaseTests.swift */,
				B31545F69F08DA90DC481BB4 /* FirstLaunchTests.swift */,
				DD051C87B11AD5B179432D6A /* FullTaskFlowTests.swift */,
				2E23EDBDC778C4E428B1E1CF /* IntegrationTestContainer.swift */,
				DE235B20E187DB732790239D /* IntegrationTestExpectations.swift */,
				9CCBB0DE04768D8FD2945ABA /* MockServices.swift */,
				E6077EE60E1652F55F3953C7 /* TaskCreationTests.swift */,
				4ADBD7DBAB9AC6C7CA2B2EBD /* TestSupport.swift */,
			);
			name = TadaIntegrationTests;
			path = Tests/TadaIntegrationTests;
			sourceTree = "<group>";
		};
		74E2E531C10E82EB9B97A0EC /* TadaUITests */ = {
			isa = PBXGroup;
			children = (
				601C173D48FF0453DC002E2A /* FocusedTaskUITests.swift */,
				C9201E72F42F90D2135D71C0 /* TadaUITests.swift */,
				F03ADC44DA5321CB321E1DAE /* UITestSupport.swift */,
			);
			name = TadaUITests;
			path = Tests/TadaUITests;
			sourceTree = "<group>";
		};
		797F86D471F16A2BD8980A19 /* Utilities */ = {
			isa = PBXGroup;
			children = (
				42E127E50B95D50B34687BE0 /* APIKeyManager.swift */,
				B005C8DDC35EFE35C3ECC93B /* AppConstants.swift */,
				239A0084BD96C811D9FF2432 /* AppError.swift */,
				AFC8D2512FA6C79EA9E970F8 /* ResponseFormatter.swift */,
				FB3B8EF757DDAC5BC288197F /* SettingsWindowManager.swift */,
			);
			path = Utilities;
			sourceTree = "<group>";
		};
		7A8F03588B79B0D75A226E17 /* Views */ = {
			isa = PBXGroup;
			children = (
				541C7CDF3BC768FF6E5E3B88 /* APIKeyBanner.swift */,
				AEE9C7BF8BD28566678D2D0C /* ConsoleView.swift */,
				0F64C5F78AABA017B217F1DC /* ContentView.swift */,
				D74C450CC17A62E1A9AC1C04 /* NewTaskSheet.swift */,
				E283F7F0D650B4B4D36229B1 /* ActionUI */,
				7AE9E79445DCC4E11840727C /* Coach */,
				C73E30D78F733C5808E598F5 /* Settings */,
				3EE39E2CAEB1B612430A285A /* Tasks */,
			);
			path = Views;
			sourceTree = "<group>";
		};
		7AE9E79445DCC4E11840727C /* Coach */ = {
			isa = PBXGroup;
			children = (
				EF8B486567A694EA7B1C3CD9 /* CoachChatView.swift */,
			);
			path = Coach;
			sourceTree = "<group>";
		};
		7CA8B164A22C23D78F8C2F81 /* Renderers */ = {
			isa = PBXGroup;
			children = (
				8955A75C88FA5BAAFA35D381 /* BrainstormCanvasRenderer.swift */,
				881EAAAE099ACB876A95DD9C /* ChecklistRenderer.swift */,
				E78C9B0C72279AFA847308DF /* CountSelectorRenderer.swift */,
				1ED851172080F236AE256ED6 /* DateFieldRenderer.swift */,
				5581031972283519A88D4728 /* DrawingCanvasRenderer.swift */,
				16CE923D9C32BCD8B221CE3E /* HierarchicalListRenderer.swift */,
				26B705794E027B81D65534D9 /* ItemTableRenderer.swift */,
				581BDBC87B16883D159B114B /* MultiSelectRenderer.swift */,
				13E96F4F08E08E6F55B99482 /* NumberFieldRenderer.swift */,
				520A515485B107B3F22819CF /* OrderedListRenderer.swift */,
				C4DA9391E34FC4F23B267463 /* RangeSliderRenderer.swift */,
				4A8BB806FE664252E776B398 /* SingleSelectRenderer.swift */,
				9D2C2BCC951B243B3EF103E0 /* SliderRenderer.swift */,
				E340411D9601AE367EBA7CF7 /* TextAreaRenderer.swift */,
				6249436256AF653A0CC81065 /* TextFieldRenderer.swift */,
				CE063D4DC8DAF57D4A572686 /* YesNoRenderer.swift */,
			);
			path = Renderers;
			sourceTree = "<group>";
		};
		82156DEF06305BC82DBF8D14 /* Products */ = {
			isa = PBXGroup;
			children = (
				A2B5655C400EF91F7F457E91 /* Tada.app */,
				F16117E62CFB755CB9F05600 /* TadaIntegrationTests.xctest */,
				CF49B9BC5B8D47AB7F13E90C /* TadaTests.xctest */,
				684B8C234B830039AC9F1507 /* TadaUITests.xctest */,
			);
			name = Products;
			sourceTree = "<group>";
		};
		8587ED53BABECEA08CAAE1EA /* Services */ = {
			isa = PBXGroup;
			children = (
				01EBDE7DB429FFAA3DF3F9A2 /* AIBackend.swift */,
				7E49CA1950C5B4E743EC58EA /* APILog.swift */,
				4115AD12AC60F1D55CE053EC /* AppServices.swift */,
				64F8644AC0C6D6DE6A84F872 /* ClaudeAPIClient.swift */,
				79EA1E6D607E969A6A5848E5 /* CoachService.swift */,
				E61894AF50AA0360D5EBE325 /* ExecutiveAIService.swift */,
				BDB362AB25A5E0F829E3392A /* KnowledgeAIService.swift */,
				4294976CFA92E4191E991030 /* KnowledgeBaseEntityLinker.swift */,
				F338BD2F28644CFB9B86EE00 /* KnowledgeBaseFilesystem.swift */,
				D6C77F3CCDBDF6E43FF8D233 /* KnowledgeBaseGenerator.swift */,
				0AFA38C7A819C2ECF47E94EC /* KnowledgeBaseGraphData.swift */,
				6E9D25C6421150612BAA8EB5 /* KnowledgeBaseIndexer.swift */,
				0ADF9A971DB731ECEECE2E8A /* KnowledgeBaseLinkDiscovery.swift */,
				2D3188976D47C0158DC35A3F /* KnowledgeBaseProtocol.swift */,
				AA158EE4A1DCC43160B16A31 /* KnowledgeBaseService.swift */,
				3DEF26CF5A1355C71FF9D4A4 /* ModelCatalog.swift */,
				12E161A4E5BB3CDB78208560 /* PlannerAIService.swift */,
				67543D97976FE3666E0145C0 /* PlanningMemoryService.swift */,
				B279AC5FA2B0E19126DFFA26 /* FoundationModels */,
			);
			path = Services;
			sourceTree = "<group>";
		};
		9E0C5468A540E9E6979FF36A /* ViewModels */ = {
			isa = PBXGroup;
			children = (
				A3323E4404D02BF66BE79286 /* ActionCardViewModel.swift */,
				36D6A3C4A62D963766989E31 /* CoachViewModel.swift */,
			);
			path = ViewModels;
			sourceTree = "<group>";
		};
		ACB4B2AD2502E951BA48A23D = {
			isa = PBXGroup;
			children = (
				1E9C525902600987CC7D691A /* Resources */,
				F48F16F26E44B19B506C10DB /* Sources */,
				55443636EF7F4E81B49B0DBB /* TadaIntegrationTests */,
				F5709D2CB27EEB018C585D1A /* TadaTests */,
				74E2E531C10E82EB9B97A0EC /* TadaUITests */,
				82156DEF06305BC82DBF8D14 /* Products */,
			);
			sourceTree = "<group>";
		};
		B279AC5FA2B0E19126DFFA26 /* FoundationModels */ = {
			isa = PBXGroup;
			children = (
				8439843F4D0832B5E880691B /* FMGenerableTypes.swift */,
			);
			path = FoundationModels;
			sourceTree = "<group>";
		};
		C73E30D78F733C5808E598F5 /* Settings */ = {
			isa = PBXGroup;
			children = (
				A08B0C130F8614E354853784 /* SettingsView.swift */,
			);
			path = Settings;
			sourceTree = "<group>";
		};
		E283F7F0D650B4B4D36229B1 /* ActionUI */ = {
			isa = PBXGroup;
			children = (
				C7AFED24E57E77828F76961D /* ActionUIRenderer.swift */,
				7CA8B164A22C23D78F8C2F81 /* Renderers */,
			);
			path = ActionUI;
			sourceTree = "<group>";
		};
		F48F16F26E44B19B506C10DB /* Sources */ = {
			isa = PBXGroup;
			children = (
				6D4A86EB42B4EC4CF91CB546 /* TadaApp.swift */,
				5758F32093BBA66513A910F4 /* UITestMockServices.swift */,
				BEF402F9D6B9A85E3C00CF75 /* UITestSupport.swift */,
				14DD0D4E2D023A9D442CD318 /* Models */,
				8587ED53BABECEA08CAAE1EA /* Services */,
				797F86D471F16A2BD8980A19 /* Utilities */,
				9E0C5468A540E9E6979FF36A /* ViewModels */,
				7A8F03588B79B0D75A226E17 /* Views */,
			);
			name = Sources;
			path = Tada/Sources;
			sourceTree = "<group>";
		};
		F5709D2CB27EEB018C585D1A /* TadaTests */ = {
			isa = PBXGroup;
			children = (
				BCD053E448109D0BA7D79C4E /* ActionSchemaTests.swift */,
				586625A0515917678B28F063 /* AIBackendTests.swift */,
				6D372E635A9EBE7730769C71 /* APILogTests.swift */,
				C5E6B6854299D3BCE328DCD7 /* AppErrorTests.swift */,
				9063C49E6C96BA6BC975499F /* BrainstormCanvasTests.swift */,
				A7636FF26BB983CDE7100ACC /* ClaudeNetworkTests.swift */,
				9FA4F0CBC6C613830F8A8977 /* CoachModelTests.swift */,
				7886A3EC2A999477CD444A7A /* EnumTests.swift */,
				288902E9441EDC518DBD575A /* ExecutiveAIServiceTests.swift */,
				FD640937E7576B5E2715ECEC /* FMGenerableMappingTests.swift */,
				1D2633A85CCE698FE052316F /* KnowledgeBaseEntityLinkerTests.swift */,
				754ECD3450D51E87DBA49AAC /* KnowledgeBaseFilesystemTests.swift */,
				B1A2FB5F6BDDF7FC218EF9FB /* KnowledgeBaseGraphDataTests.swift */,
				AEDF213D9AE920BD0B79DEF6 /* KnowledgeBaseIndexerTests.swift */,
				6DC0F1BC7CF0846D4AE03533 /* KnowledgeBaseLinkDiscoveryTests.swift */,
				E48426AA5936163BB952C8E0 /* KnowledgeBaseServiceTests.swift */,
				87DA9C4FF066DE773815E1F0 /* KnowledgeResponseExtractorTests.swift */,
				9397FF5EE5E5A73766D5A9EC /* ModelCatalogTests.swift */,
				5E75BDC9B9579899359FB016 /* ModelGapsTests.swift */,
				D507C2632A6798B9692CC263 /* NetworkStub.swift */,
				98DD74C3B1B41B4E3BC83F0C /* PlanningMemoryServiceTests.swift */,
				E6D1E5ABF2CC5C88936E3058 /* RendererLogicTests.swift */,
				D1B61D8D7323E2B9E566FE32 /* ResponseFormatterTests.swift */,
				85E202E70096654574C20BA2 /* TaskTests.swift */,
				B3E7867AC5443DA2DDF128E0 /* UITestMockServicesTests.swift */,
			);
			name = TadaTests;
			path = Tests/TadaTests;
			sourceTree = "<group>";
		};
/* End PBXGroup section */

/* Begin PBXNativeTarget section */
		0B9BC44E62918E7EA9EF0028 /* Tada */ = {
			isa = PBXNativeTarget;
			buildConfigurationList = E9CAC23CE6AFB641E31C7DB9 /* Build configuration list for PBXNativeTarget "Tada" */;
			buildPhases = (
				ED9498633CB6972A46DC9153 /* Sources */,
				7EFE8915A87FC49252D0A128 /* Resources */,
				0986F1814DE24E935A2EC2A0 /* Set build number from git */,
			);
			buildRules = (
			);
			dependencies = (
			);
			name = Tada;
			packageProductDependencies = (
			);
			productName = Tada;
			productReference = A2B5655C400EF91F7F457E91 /* Tada.app */;
			productType = "com.apple.product-type.application";
		};
		23CD6B4A1FC8993E93446700 /* TadaUITests */ = {
			isa = PBXNativeTarget;
			buildConfigurationList = F1905F52564E144D5B72F4C0 /* Build configuration list for PBXNativeTarget "TadaUITests" */;
			buildPhases = (
				43DA42316C853EF17BBFF829 /* Sources */,
			);
			buildRules = (
			);
			dependencies = (
				BC1BDA58DDF77777881D1B1D /* PBXTargetDependency */,
			);
			name = TadaUITests;
			packageProductDependencies = (
			);
			productName = TadaUITests;
			productReference = 684B8C234B830039AC9F1507 /* TadaUITests.xctest */;
			productType = "com.apple.product-type.bundle.ui-testing";
		};
		27596D67FB30C418C39323F2 /* TadaTests */ = {
			isa = PBXNativeTarget;
			buildConfigurationList = 35EAA14FBA397CFB6CF76C5E /* Build configuration list for PBXNativeTarget "TadaTests" */;
			buildPhases = (
				B48B010B2BF2B8C0FEEAED69 /* Sources */,
			);
			buildRules = (
			);
			dependencies = (
				065937877A365766EFEF5B07 /* PBXTargetDependency */,
			);
			name = TadaTests;
			packageProductDependencies = (
			);
			productName = TadaTests;
			productReference = CF49B9BC5B8D47AB7F13E90C /* TadaTests.xctest */;
			productType = "com.apple.product-type.bundle.unit-test";
		};
		590F3E2BD1C9D2221E9C1E12 /* TadaIntegrationTests */ = {
			isa = PBXNativeTarget;
			buildConfigurationList = 9192642D2A8F84EE6C1A31A5 /* Build configuration list for PBXNativeTarget "TadaIntegrationTests" */;
			buildPhases = (
				F2E19FF769EE758B0A30522E /* Sources */,
			);
			buildRules = (
			);
			dependencies = (
				05DF389677BB769B6CAB21C4 /* PBXTargetDependency */,
			);
			name = TadaIntegrationTests;
			packageProductDependencies = (
			);
			productName = TadaIntegrationTests;
			productReference = F16117E62CFB755CB9F05600 /* TadaIntegrationTests.xctest */;
			productType = "com.apple.product-type.bundle.unit-test";
		};
/* End PBXNativeTarget section */

/* Begin PBXProject section */
		007076C634D95A9FF14D558E /* Project object */ = {
			isa = PBXProject;
			attributes = {
				BuildIndependentTargetsInParallel = YES;
				LastUpgradeCheck = 2620;
				TargetAttributes = {
					0B9BC44E62918E7EA9EF0028 = {
						DevelopmentTeam = HKQARCV8QZ;
						ProvisioningStyle = Automatic;
					};
					23CD6B4A1FC8993E93446700 = {
						DevelopmentTeam = HKQARCV8QZ;
						ProvisioningStyle = Automatic;
						TestTargetID = 0B9BC44E62918E7EA9EF0028;
					};
					27596D67FB30C418C39323F2 = {
						DevelopmentTeam = HKQARCV8QZ;
						ProvisioningStyle = Automatic;
					};
					590F3E2BD1C9D2221E9C1E12 = {
						DevelopmentTeam = HKQARCV8QZ;
						ProvisioningStyle = Automatic;
					};
				};
			};
			buildConfigurationList = EAABBCB99CB2F512265BCA51 /* Build configuration list for PBXProject "Tada" */;
			compatibilityVersion = "Xcode 14.0";
			developmentRegion = en;
			hasScannedForEncodings = 0;
			knownRegions = (
				Base,
				en,
			);
			mainGroup = ACB4B2AD2502E951BA48A23D;
			minimizedProjectReferenceProxies = 1;
			preferredProjectObjectVersion = 77;
			projectDirPath = "";
			projectRoot = "";
			targets = (
				0B9BC44E62918E7EA9EF0028 /* Tada */,
				590F3E2BD1C9D2221E9C1E12 /* TadaIntegrationTests */,
				27596D67FB30C418C39323F2 /* TadaTests */,
				23CD6B4A1FC8993E93446700 /* TadaUITests */,
			);
		};
/* End PBXProject section */

/* Begin PBXResourcesBuildPhase section */
		7EFE8915A87FC49252D0A128 /* Resources */ = {
			isa = PBXResourcesBuildPhase;
			buildActionMask = 2147483647;
			files = (
				3968E968327B3BBD8C0F4E71 /* Assets.xcassets in Resources */,
			);
			runOnlyForDeploymentPostprocessing = 0;
		};
/* End PBXResourcesBuildPhase section */

/* Begin PBXShellScriptBuildPhase section */
		0986F1814DE24E935A2EC2A0 /* Set build number from git */ = {
			isa = PBXShellScriptBuildPhase;
			alwaysOutOfDate = 1;
			buildActionMask = 2147483647;
			files = (
			);
			inputFileListPaths = (
			);
			inputPaths = (
			);
			name = "Set build number from git";
			outputFileListPaths = (
			);
			outputPaths = (
			);
			runOnlyForDeploymentPostprocessing = 0;
			shellPath = /bin/sh;
			shellScript = "# Stamp CFBundleVersion with the branch's commit count so every\n# build gets a unique, monotonically increasing build number.\nplist=\"${TARGET_BUILD_DIR}/${INFOPLIST_PATH}\"\nbuild_number=$(git -C \"${SRCROOT}\" rev-list --count HEAD 2>/dev/null)\nif [ -z \"$build_number\" ]; then\n  echo \"warning: not a git checkout — leaving CFBundleVersion unchanged\"\n  exit 0\nfi\n/usr/libexec/PlistBuddy -c \"Set :CFBundleVersion $build_number\" \"$plist\"\necho \"CFBundleVersion set to $build_number\"\n";
		};
/* End PBXShellScriptBuildPhase section */

/* Begin PBXSourcesBuildPhase section */
		43DA42316C853EF17BBFF829 /* Sources */ = {
			isa = PBXSourcesBuildPhase;
			buildActionMask = 2147483647;
			files = (
				2DACE44AF6AC6847B39C9487 /* FocusedTaskUITests.swift in Sources */,
				A8977EB10DB98D2DB617B3BB /* TadaUITests.swift in Sources */,
				ACAD70F07C1C67AC0B6869FF /* UITestSupport.swift in Sources */,
			);
			runOnlyForDeploymentPostprocessing = 0;
		};
		B48B010B2BF2B8C0FEEAED69 /* Sources */ = {
			isa = PBXSourcesBuildPhase;
			buildActionMask = 2147483647;
			files = (
				36BD566680D3D1347576A2E2 /* AIBackendTests.swift in Sources */,
				FA528C63A276F0FAF945F186 /* APILogTests.swift in Sources */,
				2C12E9F22FE2285C05A9A1A4 /* ActionSchemaTests.swift in Sources */,
				4D017148FEB4DC86ED14E69D /* AppErrorTests.swift in Sources */,
				6C714EBFBBB3608311F90455 /* BrainstormCanvasTests.swift in Sources */,
				ACA512DAB4952517ACBB1062 /* ClaudeNetworkTests.swift in Sources */,
				4406B1C895563B3C89751D0D /* CoachModelTests.swift in Sources */,
				82ED365B6F24B012627FC3CC /* EnumTests.swift in Sources */,
				96A8DBBF146F00034D2B350C /* ExecutiveAIServiceTests.swift in Sources */,
				52F68D0A63C03CA39DC0114D /* FMGenerableMappingTests.swift in Sources */,
				936CCC42054EC17A8CD00084 /* KnowledgeBaseEntityLinkerTests.swift in Sources */,
				3E25DDF42F13CA409DEF47AF /* KnowledgeBaseFilesystemTests.swift in Sources */,
				C1DE83561D059B380D2873A9 /* KnowledgeBaseGraphDataTests.swift in Sources */,
				F5AE437313E3053F30C49361 /* KnowledgeBaseIndexerTests.swift in Sources */,
				91301608CB299208DB3F5438 /* KnowledgeBaseLinkDiscoveryTests.swift in Sources */,
				5B8D1CDFB7F885E6AD8D6086 /* KnowledgeBaseServiceTests.swift in Sources */,
				93EB1BFCADAA430C08928584 /* KnowledgeResponseExtractorTests.swift in Sources */,
				10A1C79A4924740936FEBAC3 /* ModelCatalogTests.swift in Sources */,
				DD11AC4B3B3435D02E68D83E /* ModelGapsTests.swift in Sources */,
				193C85E4D97EFA2D31D098D7 /* NetworkStub.swift in Sources */,
				5AF268F2BD4B86D9A60FCE81 /* PlanningMemoryServiceTests.swift in Sources */,
				704D3BB96D7E60B48365923A /* RendererLogicTests.swift in Sources */,
				B9C7C1518CA0CA8377C4500E /* ResponseFormatterTests.swift in Sources */,
				6898662948CD6CD69CB1F18F /* TaskTests.swift in Sources */,
				3A5C0F0623AD5FB306F9C8CB /* UITestMockServicesTests.swift in Sources */,
			);
			runOnlyForDeploymentPostprocessing = 0;
		};
		ED9498633CB6972A46DC9153 /* Sources */ = {
			isa = PBXSourcesBuildPhase;
			buildActionMask = 2147483647;
			files = (
				C8564D3E8386A4A4E0E0C1D2 /* AIBackend.swift in Sources */,
				14EA5A208D75691599273558 /* APIKeyBanner.swift in Sources */,
				7DED971BC71DC17EFB3071DC /* APIKeyManager.swift in Sources */,
				4864AE68CF576B2438949390 /* APILog.swift in Sources */,
				2A50D71A8FE5133379958654 /* ActionCardViewModel.swift in Sources */,
				B0931D218244239BDC091D3D /* ActionRequiredView.swift in Sources */,
				0630EC584BFD55C90531BD96 /* ActionSchema.swift in Sources */,
				BA3245F896218EFCE6345133 /* ActionUIRenderer.swift in Sources */,
				B3D22DBEAAF1309DB1591D32 /* AddSubTasksSheet.swift in Sources */,
				FDC9E5CACDD0710AF5BAFE7B /* AllTasksView.swift in Sources */,
				DFE6055F84CFBF4EA8AEF206 /* AppConstants.swift in Sources */,
				0E6539A7CD721A50111E7AD8 /* AppError.swift in Sources */,
				9C72B41525BA334DEF704757 /* AppServices.swift in Sources */,
				180723821A522A6B3A354C96 /* BrainstormCanvasRenderer.swift in Sources */,
				A5CCF038CC18B36C6F8E2963 /* ChecklistRenderer.swift in Sources */,
				9A6C8F9818DA891B741211BD /* ClaudeAPIClient.swift in Sources */,
				82BBE6F0F85B510A081BA2EC /* CoachChatView.swift in Sources */,
				0AC29E72906DCF17CD4AD291 /* CoachContext.swift in Sources */,
				24F4094DB3FAFEED2394FB97 /* CoachMessage.swift in Sources */,
				E36C4E41C26AE1E82D8D2CF4 /* CoachService.swift in Sources */,
				B5DF825921FE5CA623D16408 /* CoachTool.swift in Sources */,
				2D74B6215A1A457B24179199 /* CoachViewModel.swift in Sources */,
				63E6198156E7779BA45C9898 /* CompletedTasksView.swift in Sources */,
				4CE87A315160C80F8FA25F9C /* ConsoleView.swift in Sources */,
				08B0233EB4A7DE521C36AD5D /* ContentView.swift in Sources */,
				740D4679BDC7B999F4D28111 /* CountSelectorRenderer.swift in Sources */,
				A7E213C9F9EF6FEE5C8CBD8D /* DateFieldRenderer.swift in Sources */,
				149E835E3FF60CA3003CC92A /* DrawingCanvasRenderer.swift in Sources */,
				CB1A90056A4329854CF5A20B /* Enums.swift in Sources */,
				4D210467DBDF3095E4994072 /* ExecutiveAIService.swift in Sources */,
				1A7321D23F97B428A99302C3 /* FMGenerableTypes.swift in Sources */,
				A750676F3BE43719A4002483 /* FocusedTaskView.swift in Sources */,
				E0A476533AC5878CDA9A6685 /* HierarchicalListRenderer.swift in Sources */,
				6B4EF9E52D289FB0A8908CCD /* ItemTableRenderer.swift in Sources */,
				E63327CC14CAAB356A20DA88 /* KnowledgeAIService.swift in Sources */,
				E288640FBB6330779D9008E2 /* KnowledgeBaseEntityLinker.swift in Sources */,
				63A59D73D8389428CEF179A7 /* KnowledgeBaseFilesystem.swift in Sources */,
				86D4DEEC8CB12B98C1AA3511 /* KnowledgeBaseGenerator.swift in Sources */,
				18ED398880B6C3FFA1630BB7 /* KnowledgeBaseGraphData.swift in Sources */,
				A5CFA4341F4412B38A31CA9E /* KnowledgeBaseIndexer.swift in Sources */,
				E6DFD26A57958CCAFA3DF16C /* KnowledgeBaseLinkDiscovery.swift in Sources */,
				9CE6E1B38BB820A772CC5298 /* KnowledgeBaseProtocol.swift in Sources */,
				1745C02C68B00D1FA4659714 /* KnowledgeBaseService.swift in Sources */,
				DF35469E10B49DCAEB898E86 /* KnowledgeBaseView.swift in Sources */,
				ACD4DC70A4B0CC88D83485F3 /* KnowledgeGraphView.swift in Sources */,
				730AAE116B7F554567174E2A /* ModelCatalog.swift in Sources */,
				F7A63C07965B480A410BA7B6 /* MultiSelectRenderer.swift in Sources */,
				EA835042054DE276E520F9CB /* NewTaskSheet.swift in Sources */,
				4393D5DE7402B5F9D06164E4 /* NoteEditorView.swift in Sources */,
				653AD78291B680BAA4BDA4D5 /* NumberFieldRenderer.swift in Sources */,
				8579DBCAD117FE2589F5B284 /* OrderedListRenderer.swift in Sources */,
				0F5A78C9A22718694CF9CDDB /* PlannerAIService.swift in Sources */,
				3A716DD997221A0E100BCAEE /* PlanningMemoryService.swift in Sources */,
				4D182D9CB1B58BF4CF15367A /* RangeSliderRenderer.swift in Sources */,
				C2CDC7190061032D5764148A /* ResponseFormatter.swift in Sources */,
				FAD6F7CC30E50DEE40165E34 /* SettingsView.swift in Sources */,
				39935406C4539F72690CCB69 /* SettingsWindowManager.swift in Sources */,
				21D72059C1A9E93279B17D2C /* SingleSelectRenderer.swift in Sources */,
				FABEFEDD09E4B74EE5920695 /* SliderRenderer.swift in Sources */,
				514ECA71F40A7DAC7DFD2113 /* SubTask.swift in Sources */,
				3C99063D334031057EA92284 /* TadaApp.swift in Sources */,
				7C51DD6B3512A40DDD414085 /* Task.swift in Sources */,
				66676BE9056ACBBB2110A038 /* TaskCardComponents.swift in Sources */,
				9D45EF04A0E65F23CB1B868C /* TextAreaRenderer.swift in Sources */,
				85889D08A9DC7253578C1AB8 /* TextFieldRenderer.swift in Sources */,
				B93B6E08D174061E5BD8FAC2 /* UITestMockServices.swift in Sources */,
				013F8249FE4624674ED9061D /* UITestSupport.swift in Sources */,
				DD4684614608AA5E4A993E2C /* YesNoRenderer.swift in Sources */,
			);
			runOnlyForDeploymentPostprocessing = 0;
		};
		F2E19FF769EE758B0A30522E /* Sources */ = {
			isa = PBXSourcesBuildPhase;
			buildActionMask = 2147483647;
			files = (
				318038967F7918BFC12EBD30 /* APIKeyBannerTests.swift in Sources */,
				796D1C490AB5ADA04BC31519 /* APIKeyValidationTests.swift in Sources */,
				E971A2355CF8DA00FF3726A2 /* ActionCardViewModelTests.swift in Sources */,
				271821104A11272610EDE012 /* CoachViewModelTests.swift in Sources */,
				B8D2210B67B90E65DD7F6559 /* CollapsedCardsOnLoadTests.swift in Sources */,
				D933B7B60FA753C6475789B3 /* CollapsedSubTaskSectionsTests.swift in Sources */,
				7519911274F294C8BC17AF42 /* DiscoveryCompletionTests.swift in Sources */,
				A1118B676EBA53B5E8841E6C /* ExecutionPhaseTests.swift in Sources */,
				17C81C35F353F9ACEAEF79FC /* FirstLaunchTests.swift in Sources */,
				77B4210DB5E4BD486927C67A /* FullTaskFlowTests.swift in Sources */,
				980C61EE1ACA3F0AD83F2F52 /* IntegrationTestContainer.swift in Sources */,
				6E390BC021FF2FC6256E551B /* IntegrationTestExpectations.swift in Sources */,
				C98B9BF0818ABD52072A59D6 /* MockServices.swift in Sources */,
				4983BD74548AEAD09F95EE77 /* TaskCreationTests.swift in Sources */,
				804A09471579777195758720 /* TestSupport.swift in Sources */,
			);
			runOnlyForDeploymentPostprocessing = 0;
		};
/* End PBXSourcesBuildPhase section */

/* Begin PBXTargetDependency section */
		05DF389677BB769B6CAB21C4 /* PBXTargetDependency */ = {
			isa = PBXTargetDependency;
			target = 0B9BC44E62918E7EA9EF0028 /* Tada */;
			targetProxy = 8C4DCAFBA7D5556F7DAF3876 /* PBXContainerItemProxy */;
		};
		065937877A365766EFEF5B07 /* PBXTargetDependency */ = {
			isa = PBXTargetDependency;
			target = 0B9BC44E62918E7EA9EF0028 /* Tada */;
			targetProxy = C8D9E5AD599CB61B8D021D0D /* PBXContainerItemProxy */;
		};
		BC1BDA58DDF77777881D1B1D /* PBXTargetDependency */ = {
			isa = PBXTargetDependency;
			target = 0B9BC44E62918E7EA9EF0028 /* Tada */;
			targetProxy = A6785A792991948E7B6C0892 /* PBXContainerItemProxy */;
		};
/* End PBXTargetDependency section */

/* Begin XCBuildConfiguration section */
		0E7B6F6C1FC27FE442DF4219 /* Release */ = {
			isa = XCBuildConfiguration;
			buildSettings = {
				BUNDLE_LOADER = "$(TEST_HOST)";
				COMBINE_HIDPI_IMAGES = YES;
				ENABLE_TESTABILITY = YES;
				GENERATE_INFOPLIST_FILE = YES;
				LD_RUNPATH_SEARCH_PATHS = (
					"$(inherited)",
					"@executable_path/../Frameworks",
					"@loader_path/../Frameworks",
				);
				PRODUCT_BUNDLE_IDENTIFIER = com.tada.TadaTests;
				SDKROOT = macosx;
				TEST_HOST = "$(BUILT_PRODUCTS_DIR)/Tada.app/Contents/MacOS/Tada";
			};
			name = Release;
		};
		2C5FB987D89A03D17F949F1E /* Debug */ = {
			isa = XCBuildConfiguration;
			buildSettings = {
				ASSETCATALOG_COMPILER_APPICON_NAME = AppIcon;
				COMBINE_HIDPI_IMAGES = YES;
				CURRENT_PROJECT_VERSION = 1;
				ENABLE_HARDENED_RUNTIME = YES;
				GENERATE_INFOPLIST_FILE = YES;
				INFOPLIST_KEY_CFBundleDisplayName = Tada;
				INFOPLIST_KEY_LSApplicationCategoryType = "public.app-category.productivity";
				LD_RUNPATH_SEARCH_PATHS = (
					"$(inherited)",
					"@executable_path/../Frameworks",
				);
				MARKETING_VERSION = 1.0;
				PRODUCT_BUNDLE_IDENTIFIER = com.tada.app;
				SDKROOT = macosx;
			};
			name = Debug;
		};
		57843B31818A5D0CF4B66FBE /* Debug */ = {
			isa = XCBuildConfiguration;
			buildSettings = {
				BUNDLE_LOADER = "$(TEST_HOST)";
				COMBINE_HIDPI_IMAGES = YES;
				ENABLE_TESTABILITY = YES;
				GENERATE_INFOPLIST_FILE = YES;
				LD_RUNPATH_SEARCH_PATHS = (
					"$(inherited)",
					"@executable_path/../Frameworks",
					"@loader_path/../Frameworks",
				);
				PRODUCT_BUNDLE_IDENTIFIER = com.tada.TadaIntegrationTests;
				SDKROOT = macosx;
				TEST_HOST = "$(BUILT_PRODUCTS_DIR)/Tada.app/Contents/MacOS/Tada";
			};
			name = Debug;
		};
		733F8F813A19C900F10D829B /* Release */ = {
			isa = XCBuildConfiguration;
			buildSettings = {
				ASSETCATALOG_COMPILER_APPICON_NAME = AppIcon;
				COMBINE_HIDPI_IMAGES = YES;
				CURRENT_PROJECT_VERSION = 1;
				ENABLE_HARDENED_RUNTIME = YES;
				GENERATE_INFOPLIST_FILE = YES;
				INFOPLIST_KEY_CFBundleDisplayName = Tada;
				INFOPLIST_KEY_LSApplicationCategoryType = "public.app-category.productivity";
				LD_RUNPATH_SEARCH_PATHS = (
					"$(inherited)",
					"@executable_path/../Frameworks",
				);
				MARKETING_VERSION = 1.0;
				PRODUCT_BUNDLE_IDENTIFIER = com.tada.app;
				SDKROOT = macosx;
			};
			name = Release;
		};
		93588659B91614733A786F3F /* Debug */ = {
			isa = XCBuildConfiguration;
			buildSettings = {
				BUNDLE_LOADER = "$(TEST_HOST)";
				COMBINE_HIDPI_IMAGES = YES;
				GENERATE_INFOPLIST_FILE = YES;
				LD_RUNPATH_SEARCH_PATHS = (
					"$(inherited)",
					"@executable_path/Frameworks",
					"@loader_path/Frameworks",
				);
				PRODUCT_BUNDLE_IDENTIFIER = com.tada.app.UITests;
				SDKROOT = macosx;
				TEST_TARGET_NAME = Tada;
			};
			name = Debug;
		};
		9AE45AD5295F77FE95FCFCCC /* Release */ = {
			isa = XCBuildConfiguration;
			buildSettings = {
				BUNDLE_LOADER = "$(TEST_HOST)";
				COMBINE_HIDPI_IMAGES = YES;
				GENERATE_INFOPLIST_FILE = YES;
				LD_RUNPATH_SEARCH_PATHS = (
					"$(inherited)",
					"@executable_path/Frameworks",
					"@loader_path/Frameworks",
				);
				PRODUCT_BUNDLE_IDENTIFIER = com.tada.app.UITests;
				SDKROOT = macosx;
				TEST_TARGET_NAME = Tada;
			};
			name = Release;
		};
		CB635C53870737BD4F37337D /* Release */ = {
			isa = XCBuildConfiguration;
			buildSettings = {
				BUNDLE_LOADER = "$(TEST_HOST)";
				COMBINE_HIDPI_IMAGES = YES;
				ENABLE_TESTABILITY = YES;
				GENERATE_INFOPLIST_FILE = YES;
				LD_RUNPATH_SEARCH_PATHS = (
					"$(inherited)",
					"@executable_path/../Frameworks",
					"@loader_path/../Frameworks",
				);
				PRODUCT_BUNDLE_IDENTIFIER = com.tada.TadaIntegrationTests;
				SDKROOT = macosx;
				TEST_HOST = "$(BUILT_PRODUCTS_DIR)/Tada.app/Contents/MacOS/Tada";
			};
			name = Release;
		};
		D692A3F4EAB330614FFCD72C /* Debug */ = {
			isa = XCBuildConfiguration;
			buildSettings = {
				ALWAYS_SEARCH_USER_PATHS = NO;
				CLANG_ANALYZER_NONNULL = YES;
				CLANG_ANALYZER_NUMBER_OBJECT_CONVERSION = YES_AGGRESSIVE;
				CLANG_CXX_LANGUAGE_STANDARD = "gnu++14";
				CLANG_CXX_LIBRARY = "libc++";
				CLANG_ENABLE_MODULES = YES;
				CLANG_ENABLE_OBJC_ARC = YES;
				CLANG_ENABLE_OBJC_WEAK = YES;
				CLANG_WARN_BLOCK_CAPTURE_AUTORELEASING = YES;
				CLANG_WARN_BOOL_CONVERSION = YES;
				CLANG_WARN_COMMA = YES;
				CLANG_WARN_CONSTANT_CONVERSION = YES;
				CLANG_WARN_DEPRECATED_OBJC_IMPLEMENTATIONS = YES;
				CLANG_WARN_DIRECT_OBJC_ISA_USAGE = YES_ERROR;
				CLANG_WARN_DOCUMENTATION_COMMENTS = YES;
				CLANG_WARN_EMPTY_BODY = YES;
				CLANG_WARN_ENUM_CONVERSION = YES;
				CLANG_WARN_INFINITE_RECURSION = YES;
				CLANG_WARN_INT_CONVERSION = YES;
				CLANG_WARN_NON_LITERAL_NULL_CONVERSION = YES;
				CLANG_WARN_OBJC_IMPLICIT_RETAIN_SELF = YES;
				CLANG_WARN_OBJC_LITERAL_CONVERSION = YES;
				CLANG_WARN_OBJC_ROOT_CLASS = YES_ERROR;
				CLANG_WARN_QUOTED_INCLUDE_IN_FRAMEWORK_HEADER = YES;
				CLANG_WARN_RANGE_LOOP_ANALYSIS = YES;
				CLANG_WARN_STRICT_PROTOTYPES = YES;
				CLANG_WARN_SUSPICIOUS_MOVE = YES;
				CLANG_WARN_UNGUARDED_AVAILABILITY = YES_AGGRESSIVE;
				CLANG_WARN_UNREACHABLE_CODE = YES;
				CLANG_WARN__DUPLICATE_METHOD_MATCH = YES;
				CODE_SIGN_STYLE = Automatic;
				COPY_PHASE_STRIP = NO;
				DEBUG_INFORMATION_FORMAT = dwarf;
				DEVELOPMENT_TEAM = HKQARCV8QZ;
				ENABLE_STRICT_OBJC_MSGSEND = YES;
				ENABLE_TESTABILITY = YES;
				GCC_C_LANGUAGE_STANDARD = gnu11;
				GCC_DYNAMIC_NO_PIC = NO;
				GCC_NO_COMMON_BLOCKS = YES;
				GCC_OPTIMIZATION_LEVEL = 0;
				GCC_PREPROCESSOR_DEFINITIONS = (
					"$(inherited)",
					"DEBUG=1",
				);
				GCC_WARN_64_TO_32_BIT_CONVERSION = YES;
				GCC_WARN_ABOUT_RETURN_TYPE = YES_ERROR;
				GCC_WARN_UNDECLARED_SELECTOR = YES;
				GCC_WARN_UNINITIALIZED_AUTOS = YES_AGGRESSIVE;
				GCC_WARN_UNUSED_FUNCTION = YES;
				GCC_WARN_UNUSED_VARIABLE = YES;
				MACOSX_DEPLOYMENT_TARGET = 26.0;
				MTL_ENABLE_DEBUG_INFO = INCLUDE_SOURCE;
				MTL_FAST_MATH = YES;
				ONLY_ACTIVE_ARCH = YES;
				PRODUCT_NAME = "$(TARGET_NAME)";
				SDKROOT = macosx;
				SWIFT_ACTIVE_COMPILATION_CONDITIONS = DEBUG;
				SWIFT_OPTIMIZATION_LEVEL = "-Onone";
				SWIFT_VERSION = 5.9;
			};
			name = Debug;
		};
		ED67ED7CEE37015DEDF38DBB /* Debug */ = {
			isa = XCBuildConfiguration;
			buildSettings = {
				BUNDLE_LOADER = "$(TEST_HOST)";
				COMBINE_HIDPI_IMAGES = YES;
				ENABLE_TESTABILITY = YES;
				GENERATE_INFOPLIST_FILE = YES;
				LD_RUNPATH_SEARCH_PATHS = (
					"$(inherited)",
					"@executable_path/../Frameworks",
					"@loader_path/../Frameworks",
				);
				PRODUCT_BUNDLE_IDENTIFIER = com.tada.TadaTests;
				SDKROOT = macosx;
				TEST_HOST = "$(BUILT_PRODUCTS_DIR)/Tada.app/Contents/MacOS/Tada";
			};
			name = Debug;
		};
		FDAE55FC06FFD3EFA17865F5 /* Release */ = {
			isa = XCBuildConfiguration;
			buildSettings = {
				ALWAYS_SEARCH_USER_PATHS = NO;
				CLANG_ANALYZER_NONNULL = YES;
				CLANG_ANALYZER_NUMBER_OBJECT_CONVERSION = YES_AGGRESSIVE;
				CLANG_CXX_LANGUAGE_STANDARD = "gnu++14";
				CLANG_CXX_LIBRARY = "libc++";
				CLANG_ENABLE_MODULES = YES;
				CLANG_ENABLE_OBJC_ARC = YES;
				CLANG_ENABLE_OBJC_WEAK = YES;
				CLANG_WARN_BLOCK_CAPTURE_AUTORELEASING = YES;
				CLANG_WARN_BOOL_CONVERSION = YES;
				CLANG_WARN_COMMA = YES;
				CLANG_WARN_CONSTANT_CONVERSION = YES;
				CLANG_WARN_DEPRECATED_OBJC_IMPLEMENTATIONS = YES;
				CLANG_WARN_DIRECT_OBJC_ISA_USAGE = YES_ERROR;
				CLANG_WARN_DOCUMENTATION_COMMENTS = YES;
				CLANG_WARN_EMPTY_BODY = YES;
				CLANG_WARN_ENUM_CONVERSION = YES;
				CLANG_WARN_INFINITE_RECURSION = YES;
				CLANG_WARN_INT_CONVERSION = YES;
				CLANG_WARN_NON_LITERAL_NULL_CONVERSION = YES;
				CLANG_WARN_OBJC_IMPLICIT_RETAIN_SELF = YES;
				CLANG_WARN_OBJC_LITERAL_CONVERSION = YES;
				CLANG_WARN_OBJC_ROOT_CLASS = YES_ERROR;
				CLANG_WARN_QUOTED_INCLUDE_IN_FRAMEWORK_HEADER = YES;
				CLANG_WARN_RANGE_LOOP_ANALYSIS = YES;
				CLANG_WARN_STRICT_PROTOTYPES = YES;
				CLANG_WARN_SUSPICIOUS_MOVE = YES;
				CLANG_WARN_UNGUARDED_AVAILABILITY = YES_AGGRESSIVE;
				CLANG_WARN_UNREACHABLE_CODE = YES;
				CLANG_WARN__DUPLICATE_METHOD_MATCH = YES;
				CODE_SIGN_STYLE = Automatic;
				COPY_PHASE_STRIP = NO;
				DEBUG_INFORMATION_FORMAT = "dwarf-with-dsym";
				DEVELOPMENT_TEAM = HKQARCV8QZ;
				ENABLE_NS_ASSERTIONS = NO;
				ENABLE_STRICT_OBJC_MSGSEND = YES;
				GCC_C_LANGUAGE_STANDARD = gnu11;
				GCC_NO_COMMON_BLOCKS = YES;
				GCC_WARN_64_TO_32_BIT_CONVERSION = YES;
				GCC_WARN_ABOUT_RETURN_TYPE = YES_ERROR;
				GCC_WARN_UNDECLARED_SELECTOR = YES;
				GCC_WARN_UNINITIALIZED_AUTOS = YES_AGGRESSIVE;
				GCC_WARN_UNUSED_FUNCTION = YES;
				GCC_WARN_UNUSED_VARIABLE = YES;
				MACOSX_DEPLOYMENT_TARGET = 26.0;
				MTL_ENABLE_DEBUG_INFO = NO;
				MTL_FAST_MATH = YES;
				PRODUCT_NAME = "$(TARGET_NAME)";
				SDKROOT = macosx;
				SWIFT_COMPILATION_MODE = wholemodule;
				SWIFT_OPTIMIZATION_LEVEL = "-O";
				SWIFT_VERSION = 5.9;
			};
			name = Release;
		};
/* End XCBuildConfiguration section */

/* Begin XCConfigurationList section */
		35EAA14FBA397CFB6CF76C5E /* Build configuration list for PBXNativeTarget "TadaTests" */ = {
			isa = XCConfigurationList;
			buildConfigurations = (
				ED67ED7CEE37015DEDF38DBB /* Debug */,
				0E7B6F6C1FC27FE442DF4219 /* Release */,
			);
			defaultConfigurationIsVisible = 0;
			defaultConfigurationName = Debug;
		};
		9192642D2A8F84EE6C1A31A5 /* Build configuration list for PBXNativeTarget "TadaIntegrationTests" */ = {
			isa = XCConfigurationList;
			buildConfigurations = (
				57843B31818A5D0CF4B66FBE /* Debug */,
				CB635C53870737BD4F37337D /* Release */,
			);
			defaultConfigurationIsVisible = 0;
			defaultConfigurationName = Debug;
		};
		E9CAC23CE6AFB641E31C7DB9 /* Build configuration list for PBXNativeTarget "Tada" */ = {
			isa = XCConfigurationList;
			buildConfigurations = (
				2C5FB987D89A03D17F949F1E /* Debug */,
				733F8F813A19C900F10D829B /* Release */,
			);
			defaultConfigurationIsVisible = 0;
			defaultConfigurationName = Debug;
		};
		EAABBCB99CB2F512265BCA51 /* Build configuration list for PBXProject "Tada" */ = {
			isa = XCConfigurationList;
			buildConfigurations = (
				D692A3F4EAB330614FFCD72C /* Debug */,
				FDAE55FC06FFD3EFA17865F5 /* Release */,
			);
			defaultConfigurationIsVisible = 0;
			defaultConfigurationName = Debug;
		};
		F1905F52564E144D5B72F4C0 /* Build configuration list for PBXNativeTarget "TadaUITests" */ = {
			isa = XCConfigurationList;
			buildConfigurations = (
				93588659B91614733A786F3F /* Debug */,
				9AE45AD5295F77FE95FCFCCC /* Release */,
			);
			defaultConfigurationIsVisible = 0;
			defaultConfigurationName = Debug;
		};
/* End XCConfigurationList section */
	};
	rootObject = 007076C634D95A9FF14D558E /* Project object */;
}
